// !$*UTF8*$!
{
	archiveVersion = 1;
	classes = {
	};
	objectVersion = 56;
	objects = {

/* Begin PBXBuildFile section */
		1A050D7F2981076400C26F12 /* TextLinkHandlerModifier.swift in Sources */ = {isa = PBXBuildFile; fileRef = 1A050D7E2981076400C26F12 /* TextLinkHandlerModifier.swift */; };
		1A050D812982088500C26F12 /* CommentHeaderView.swift in Sources */ = {isa = PBXBuildFile; fileRef = 1A050D802982088500C26F12 /* CommentHeaderView.swift */; };
		1A050D8329820E2000C26F12 /* SearchResultItem.swift in Sources */ = {isa = PBXBuildFile; fileRef = 1A050D8229820E2000C26F12 /* SearchResultItem.swift */; };
		1A111DF9298899DD005B29B6 /* CommentIndentationView.swift in Sources */ = {isa = PBXBuildFile; fileRef = 1A111DF8298899DD005B29B6 /* CommentIndentationView.swift */; };
		1A111DFB29889C44005B29B6 /* UserItemViewModel.swift in Sources */ = {isa = PBXBuildFile; fileRef = 1A111DFA29889C44005B29B6 /* UserItemViewModel.swift */; };
		1A111DFD298B5A32005B29B6 /* ViewAllCommentsButton.swift in Sources */ = {isa = PBXBuildFile; fileRef = 1A111DFC298B5A32005B29B6 /* ViewAllCommentsButton.swift */; };
		1A111E00298B705B005B29B6 /* View+Bindings.swift in Sources */ = {isa = PBXBuildFile; fileRef = 1A111DFF298B705B005B29B6 /* View+Bindings.swift */; };
		1A111E02298B7307005B29B6 /* View+ConditionalModifier.swift in Sources */ = {isa = PBXBuildFile; fileRef = 1A111E01298B7307005B29B6 /* View+ConditionalModifier.swift */; };
		1A111E04298B7321005B29B6 /* View+Color.swift in Sources */ = {isa = PBXBuildFile; fileRef = 1A111E03298B7321005B29B6 /* View+Color.swift */; };
		1A2F380D297A86B500F35844 /* CommentNavigationModifier.swift in Sources */ = {isa = PBXBuildFile; fileRef = 1A2F380C297A86B500F35844 /* CommentNavigationModifier.swift */; };
		1A3911D5297E62980045D14F /* SwiftyMarkdown in Frameworks */ = {isa = PBXBuildFile; productRef = 1A3911D4297E62980045D14F /* SwiftyMarkdown */; };
		1A5DBBB5296933BA00D4D86E /* SaturnApp.swift in Sources */ = {isa = PBXBuildFile; fileRef = 1A5DBBB4296933BA00D4D86E /* SaturnApp.swift */; };
		1A5DBBB7296933BA00D4D86E /* StoriesView.swift in Sources */ = {isa = PBXBuildFile; fileRef = 1A5DBBB6296933BA00D4D86E /* StoriesView.swift */; };
		1A5DBBB9296933BB00D4D86E /* Assets.xcassets in Resources */ = {isa = PBXBuildFile; fileRef = 1A5DBBB8296933BB00D4D86E /* Assets.xcassets */; };
		1A5DBBBC296933BB00D4D86E /* Preview Assets.xcassets in Resources */ = {isa = PBXBuildFile; fileRef = 1A5DBBBB296933BB00D4D86E /* Preview Assets.xcassets */; };
		1A5DBBD0296933BB00D4D86E /* SaturnUITests.swift in Sources */ = {isa = PBXBuildFile; fileRef = 1A5DBBCF296933BB00D4D86E /* SaturnUITests.swift */; };
		1A5DBBD2296933BB00D4D86E /* SaturnUITestsLaunchTests.swift in Sources */ = {isa = PBXBuildFile; fileRef = 1A5DBBD1296933BB00D4D86E /* SaturnUITestsLaunchTests.swift */; };
		1A5DBC042969548E00D4D86E /* APIManager.swift in Sources */ = {isa = PBXBuildFile; fileRef = 1A5DBC032969548E00D4D86E /* APIManager.swift */; };
		1A5DBC06296A892B00D4D86E /* StoriesInteractor.swift in Sources */ = {isa = PBXBuildFile; fileRef = 1A5DBC05296A892B00D4D86E /* StoriesInteractor.swift */; };
		1A5DBC08296AA67300D4D86E /* LoadingView.swift in Sources */ = {isa = PBXBuildFile; fileRef = 1A5DBC07296AA67300D4D86E /* LoadingView.swift */; };
		1A5DBC0A296AAF6300D4D86E /* StoryDetailView.swift in Sources */ = {isa = PBXBuildFile; fileRef = 1A5DBC09296AAF6300D4D86E /* StoryDetailView.swift */; };
		1A5DBC0F296BD43800D4D86E /* StoryDetailInteractor.swift in Sources */ = {isa = PBXBuildFile; fileRef = 1A5DBC0E296BD43800D4D86E /* StoryDetailInteractor.swift */; };
		1A5DBC11296BD44D00D4D86E /* BaseUtils.swift in Sources */ = {isa = PBXBuildFile; fileRef = 1A5DBC10296BD44D00D4D86E /* BaseUtils.swift */; };
		1A5DBC13296BD46600D4D86E /* Story.swift in Sources */ = {isa = PBXBuildFile; fileRef = 1A5DBC12296BD46600D4D86E /* Story.swift */; };
		1A5DBC17296BDAC200D4D86E /* Comment.swift in Sources */ = {isa = PBXBuildFile; fileRef = 1A5DBC16296BDAC200D4D86E /* Comment.swift */; };
		1A5DBC19296BF8A200D4D86E /* SafariView.swift in Sources */ = {isa = PBXBuildFile; fileRef = 1A5DBC18296BF8A200D4D86E /* SafariView.swift */; };
		1A5DBC1B296BFA1700D4D86E /* StoryRowView.swift in Sources */ = {isa = PBXBuildFile; fileRef = 1A5DBC1A296BFA1700D4D86E /* StoryRowView.swift */; };
		1A5DBC1D296D0C8C00D4D86E /* CommentViewModel.swift in Sources */ = {isa = PBXBuildFile; fileRef = 1A5DBC1C296D0C8C00D4D86E /* CommentViewModel.swift */; };
		1A7E5B3F2982691E00C6BBC0 /* SpinnerView.swift in Sources */ = {isa = PBXBuildFile; fileRef = 1A7E5B3E2982691E00C6BBC0 /* SpinnerView.swift */; };
		1A7E5B412982695500C6BBC0 /* ListLoadingView.swift in Sources */ = {isa = PBXBuildFile; fileRef = 1A7E5B402982695500C6BBC0 /* ListLoadingView.swift */; };
		1A7E5B432982696800C6BBC0 /* SearchNavigationView.swift in Sources */ = {isa = PBXBuildFile; fileRef = 1A7E5B422982696800C6BBC0 /* SearchNavigationView.swift */; };
		1A7E5B452982697C00C6BBC0 /* SettingsNavigationView.swift in Sources */ = {isa = PBXBuildFile; fileRef = 1A7E5B442982697C00C6BBC0 /* SettingsNavigationView.swift */; };
		1A7E5B4729826CAB00C6BBC0 /* CommentExpandModifier.swift in Sources */ = {isa = PBXBuildFile; fileRef = 1A7E5B4629826CAB00C6BBC0 /* CommentExpandModifier.swift */; };
		1A873ABB296D667600870A50 /* ActivityViewController.swift in Sources */ = {isa = PBXBuildFile; fileRef = 1A873ABA296D667500870A50 /* ActivityViewController.swift */; };
		1A873ABD296E767B00870A50 /* UserView.swift in Sources */ = {isa = PBXBuildFile; fileRef = 1A873ABC296E767B00870A50 /* UserView.swift */; };
		1A873ABF296E76B200870A50 /* CommentView.swift in Sources */ = {isa = PBXBuildFile; fileRef = 1A873ABE296E76B200870A50 /* CommentView.swift */; };
		1A873AC7296F921C00870A50 /* User.swift in Sources */ = {isa = PBXBuildFile; fileRef = 1A873AC6296F921C00870A50 /* User.swift */; };
		1A873AC9296FCD1600870A50 /* SettingsView.swift in Sources */ = {isa = PBXBuildFile; fileRef = 1A873AC8296FCD1600870A50 /* SettingsView.swift */; };
		1A873ACB296FCD4800870A50 /* TextProcessor.swift in Sources */ = {isa = PBXBuildFile; fileRef = 1A873ACA296FCD4800870A50 /* TextProcessor.swift */; };
		1A873ACD296FCD5B00870A50 /* SearchView.swift in Sources */ = {isa = PBXBuildFile; fileRef = 1A873ACC296FCD5B00870A50 /* SearchView.swift */; };
		1A873ACE2970F64800870A50 /* TextProcessor.swift in Sources */ = {isa = PBXBuildFile; fileRef = 1A873ACA296FCD4800870A50 /* TextProcessor.swift */; };
		1A873AD12971136200870A50 /* StoryRowViewModel.swift in Sources */ = {isa = PBXBuildFile; fileRef = 1A873AD02971136200870A50 /* StoryRowViewModel.swift */; };
		1A873AD329713BB300870A50 /* UserInteractor.swift in Sources */ = {isa = PBXBuildFile; fileRef = 1A873AD229713BB300870A50 /* UserInteractor.swift */; };
		1A873AD52971435B00870A50 /* UserViewModel.swift in Sources */ = {isa = PBXBuildFile; fileRef = 1A873AD42971435B00870A50 /* UserViewModel.swift */; };
		1A873AD72971461A00870A50 /* UserHeaderView.swift in Sources */ = {isa = PBXBuildFile; fileRef = 1A873AD62971461A00870A50 /* UserHeaderView.swift */; };
		1A888FBC299227F600490A74 /* Color+Codable.swift in Sources */ = {isa = PBXBuildFile; fileRef = 1A888FBB299227F600490A74 /* Color+Codable.swift */; };
		1A888FBF2992351900490A74 /* SettingsIndentationSelectColorView.swift in Sources */ = {isa = PBXBuildFile; fileRef = 1A888FBE2992351900490A74 /* SettingsIndentationSelectColorView.swift */; };
		1A888FC12993707B00490A74 /* TextProcessorTests.swift in Sources */ = {isa = PBXBuildFile; fileRef = 1A888FC02993707B00490A74 /* TextProcessorTests.swift */; };
		1A888FC42993719A00490A74 /* FirebaseAnalytics in Frameworks */ = {isa = PBXBuildFile; productRef = 1A888FC32993719A00490A74 /* FirebaseAnalytics */; };
		1A888FC62993719A00490A74 /* FirebaseAnalyticsOnDeviceConversion in Frameworks */ = {isa = PBXBuildFile; productRef = 1A888FC52993719A00490A74 /* FirebaseAnalyticsOnDeviceConversion */; };
		1A888FC82993719A00490A74 /* FirebaseAnalyticsSwift in Frameworks */ = {isa = PBXBuildFile; productRef = 1A888FC72993719A00490A74 /* FirebaseAnalyticsSwift */; };
		1A888FCA2993719A00490A74 /* FirebaseAnalyticsWithoutAdIdSupport in Frameworks */ = {isa = PBXBuildFile; productRef = 1A888FC92993719A00490A74 /* FirebaseAnalyticsWithoutAdIdSupport */; };
		1A888FCC2993719A00490A74 /* FirebaseAppCheck in Frameworks */ = {isa = PBXBuildFile; productRef = 1A888FCB2993719A00490A74 /* FirebaseAppCheck */; };
		1A888FCE2993719A00490A74 /* FirebaseAppDistribution-Beta in Frameworks */ = {isa = PBXBuildFile; productRef = 1A888FCD2993719A00490A74 /* FirebaseAppDistribution-Beta */; };
		1A888FD02993719A00490A74 /* FirebaseAuth in Frameworks */ = {isa = PBXBuildFile; productRef = 1A888FCF2993719A00490A74 /* FirebaseAuth */; };
		1A888FD22993719A00490A74 /* FirebaseAuthCombine-Community in Frameworks */ = {isa = PBXBuildFile; productRef = 1A888FD12993719A00490A74 /* FirebaseAuthCombine-Community */; };
		1A888FD42993719A00490A74 /* FirebaseCrashlytics in Frameworks */ = {isa = PBXBuildFile; productRef = 1A888FD32993719A00490A74 /* FirebaseCrashlytics */; };
		1A888FD62993719A00490A74 /* FirebaseDatabase in Frameworks */ = {isa = PBXBuildFile; productRef = 1A888FD52993719A00490A74 /* FirebaseDatabase */; };
		1A888FD82993719A00490A74 /* FirebaseDatabaseSwift in Frameworks */ = {isa = PBXBuildFile; productRef = 1A888FD72993719A00490A74 /* FirebaseDatabaseSwift */; };
		1A888FDA2993719A00490A74 /* FirebaseDynamicLinks in Frameworks */ = {isa = PBXBuildFile; productRef = 1A888FD92993719A00490A74 /* FirebaseDynamicLinks */; };
		1A888FDC2993719A00490A74 /* FirebaseFirestore in Frameworks */ = {isa = PBXBuildFile; productRef = 1A888FDB2993719A00490A74 /* FirebaseFirestore */; };
		1A888FDE2993719A00490A74 /* FirebaseFirestoreCombine-Community in Frameworks */ = {isa = PBXBuildFile; productRef = 1A888FDD2993719A00490A74 /* FirebaseFirestoreCombine-Community */; };
		1A888FE02993719A00490A74 /* FirebaseFirestoreSwift in Frameworks */ = {isa = PBXBuildFile; productRef = 1A888FDF2993719A00490A74 /* FirebaseFirestoreSwift */; };
		1A888FE22993719A00490A74 /* FirebaseFunctions in Frameworks */ = {isa = PBXBuildFile; productRef = 1A888FE12993719A00490A74 /* FirebaseFunctions */; };
		1A888FE42993719A00490A74 /* FirebaseFunctionsCombine-Community in Frameworks */ = {isa = PBXBuildFile; productRef = 1A888FE32993719A00490A74 /* FirebaseFunctionsCombine-Community */; };
		1A888FE62993719A00490A74 /* FirebaseInAppMessaging-Beta in Frameworks */ = {isa = PBXBuildFile; productRef = 1A888FE52993719A00490A74 /* FirebaseInAppMessaging-Beta */; };
		1A888FE82993719A00490A74 /* FirebaseInAppMessagingSwift-Beta in Frameworks */ = {isa = PBXBuildFile; productRef = 1A888FE72993719A00490A74 /* FirebaseInAppMessagingSwift-Beta */; };
		1A888FEA2993719A00490A74 /* FirebaseInstallations in Frameworks */ = {isa = PBXBuildFile; productRef = 1A888FE92993719A00490A74 /* FirebaseInstallations */; };
		1A888FEC2993719A00490A74 /* FirebaseMessaging in Frameworks */ = {isa = PBXBuildFile; productRef = 1A888FEB2993719A00490A74 /* FirebaseMessaging */; };
		1A888FEE2993719A00490A74 /* FirebaseMLModelDownloader in Frameworks */ = {isa = PBXBuildFile; productRef = 1A888FED2993719A00490A74 /* FirebaseMLModelDownloader */; };
		1A888FF02993719A00490A74 /* FirebasePerformance in Frameworks */ = {isa = PBXBuildFile; productRef = 1A888FEF2993719A00490A74 /* FirebasePerformance */; };
		1A888FF22993719A00490A74 /* FirebaseRemoteConfig in Frameworks */ = {isa = PBXBuildFile; productRef = 1A888FF12993719A00490A74 /* FirebaseRemoteConfig */; };
		1A888FF42993719A00490A74 /* FirebaseRemoteConfigSwift in Frameworks */ = {isa = PBXBuildFile; productRef = 1A888FF32993719A00490A74 /* FirebaseRemoteConfigSwift */; };
		1A888FF62993719A00490A74 /* FirebaseStorage in Frameworks */ = {isa = PBXBuildFile; productRef = 1A888FF52993719A00490A74 /* FirebaseStorage */; };
		1A888FF82993719A00490A74 /* FirebaseStorageCombine-Community in Frameworks */ = {isa = PBXBuildFile; productRef = 1A888FF72993719A00490A74 /* FirebaseStorageCombine-Community */; };
		1A888FFA2993719A00490A74 /* SwiftyMarkdown in Frameworks */ = {isa = PBXBuildFile; productRef = 1A888FF92993719A00490A74 /* SwiftyMarkdown */; };
		1A888FFC2994E44E00490A74 /* NavBarAccessor.swift in Sources */ = {isa = PBXBuildFile; fileRef = 1A888FFB2994E44E00490A74 /* NavBarAccessor.swift */; };
		1A888FFE2994E76900490A74 /* LayoutManager.swift in Sources */ = {isa = PBXBuildFile; fileRef = 1A888FFD2994E76900490A74 /* LayoutManager.swift */; };
		1A8890002994EAEA00490A74 /* AnimatingCellHeight.swift in Sources */ = {isa = PBXBuildFile; fileRef = 1A888FFF2994EAEA00490A74 /* AnimatingCellHeight.swift */; };
		1A8890032999FF2400490A74 /* APIDiskResponseCache.swift in Sources */ = {isa = PBXBuildFile; fileRef = 1A8890022999FF2400490A74 /* APIDiskResponseCache.swift */; };
		1AAFFF5D299A6A4100D06EF4 /* GoogleService-Info.plist in Resources */ = {isa = PBXBuildFile; fileRef = 1AAFFF5C299A6A4000D06EF4 /* GoogleService-Info.plist */; };
		1AAFFF5F299B6F8E00D06EF4 /* Color+IndentationColor.swift in Sources */ = {isa = PBXBuildFile; fileRef = 1AAFFF5E299B6F8E00D06EF4 /* Color+IndentationColor.swift */; };
		1ABAD6BE298CE6530072DA14 /* View+CornerRadius.swift in Sources */ = {isa = PBXBuildFile; fileRef = 1ABAD6BD298CE6530072DA14 /* View+CornerRadius.swift */; };
		1ABAD6C0298CF36E0072DA14 /* CommentLoader.swift in Sources */ = {isa = PBXBuildFile; fileRef = 1ABAD6BF298CF36E0072DA14 /* CommentLoader.swift */; };
		1AE4A9922975250F00D0B0D3 /* RootView.swift in Sources */ = {isa = PBXBuildFile; fileRef = 1AE4A9912975250F00D0B0D3 /* RootView.swift */; };
		1AE4A994297526AB00D0B0D3 /* Settings.swift in Sources */ = {isa = PBXBuildFile; fileRef = 1AE4A993297526AB00D0B0D3 /* Settings.swift */; };
		1AE4A9962975356200D0B0D3 /* SettingsInteractor.swift in Sources */ = {isa = PBXBuildFile; fileRef = 1AE4A9952975356200D0B0D3 /* SettingsInteractor.swift */; };
		1AE4A99829765CF800D0B0D3 /* InfiniteScrollView.swift in Sources */ = {isa = PBXBuildFile; fileRef = 1AE4A99729765CF800D0B0D3 /* InfiniteScrollView.swift */; };
		1AE4A99B2977938F00D0B0D3 /* SearchAPIManager.swift in Sources */ = {isa = PBXBuildFile; fileRef = 1AE4A99A2977938F00D0B0D3 /* SearchAPIManager.swift */; };
		1AE4A99D2977B83E00D0B0D3 /* SearchInteractor.swift in Sources */ = {isa = PBXBuildFile; fileRef = 1AE4A99C2977B83E00D0B0D3 /* SearchInteractor.swift */; };
		1AE4A99F2977D7BF00D0B0D3 /* AppRemoteConfig.swift in Sources */ = {isa = PBXBuildFile; fileRef = 1AE4A99E2977D7BF00D0B0D3 /* AppRemoteConfig.swift */; };
		1AE4A9B32977D92900D0B0D3 /* FirebaseAnalyticsSwift in Frameworks */ = {isa = PBXBuildFile; productRef = 1AE4A9B22977D92900D0B0D3 /* FirebaseAnalyticsSwift */; };
		1AE4A9B52977D92900D0B0D3 /* FirebaseAnalyticsWithoutAdIdSupport in Frameworks */ = {isa = PBXBuildFile; productRef = 1AE4A9B42977D92900D0B0D3 /* FirebaseAnalyticsWithoutAdIdSupport */; };
		1AE4A9B72977D92900D0B0D3 /* FirebaseCrashlytics in Frameworks */ = {isa = PBXBuildFile; productRef = 1AE4A9B62977D92900D0B0D3 /* FirebaseCrashlytics */; };
		1AE4A9B92977D92900D0B0D3 /* FirebaseDatabase in Frameworks */ = {isa = PBXBuildFile; productRef = 1AE4A9B82977D92900D0B0D3 /* FirebaseDatabase */; };
		1AE4A9BB2977D92900D0B0D3 /* FirebaseDatabaseSwift in Frameworks */ = {isa = PBXBuildFile; productRef = 1AE4A9BA2977D92900D0B0D3 /* FirebaseDatabaseSwift */; };
		1AE4A9BD2977D92900D0B0D3 /* FirebaseFirestore in Frameworks */ = {isa = PBXBuildFile; productRef = 1AE4A9BC2977D92900D0B0D3 /* FirebaseFirestore */; };
		1AE4A9BF2977D92900D0B0D3 /* FirebaseFirestoreCombine-Community in Frameworks */ = {isa = PBXBuildFile; productRef = 1AE4A9BE2977D92900D0B0D3 /* FirebaseFirestoreCombine-Community */; };
		1AE4A9C12977D92900D0B0D3 /* FirebaseFirestoreSwift in Frameworks */ = {isa = PBXBuildFile; productRef = 1AE4A9C02977D92900D0B0D3 /* FirebaseFirestoreSwift */; };
		1AE4A9C32977D92900D0B0D3 /* FirebaseRemoteConfig in Frameworks */ = {isa = PBXBuildFile; productRef = 1AE4A9C22977D92900D0B0D3 /* FirebaseRemoteConfig */; };
		1AE4A9C52977D92900D0B0D3 /* FirebaseRemoteConfigSwift in Frameworks */ = {isa = PBXBuildFile; productRef = 1AE4A9C42977D92900D0B0D3 /* FirebaseRemoteConfigSwift */; };
		1AE4A9C72977DC5000D0B0D3 /* remote_config_defaults.plist in Resources */ = {isa = PBXBuildFile; fileRef = 1AE4A9C62977DC5000D0B0D3 /* remote_config_defaults.plist */; };
		1AE4A9CD297913E400D0B0D3 /* StoryDetailShareItem.swift in Sources */ = {isa = PBXBuildFile; fileRef = 1AE4A9CC297913E400D0B0D3 /* StoryDetailShareItem.swift */; };
		1AE4A9CF2979143E00D0B0D3 /* SearchResponse.swift in Sources */ = {isa = PBXBuildFile; fileRef = 1AE4A9CE2979143E00D0B0D3 /* SearchResponse.swift */; };
		1AE4A9D12979144D00D0B0D3 /* SearchItem.swift in Sources */ = {isa = PBXBuildFile; fileRef = 1AE4A9D02979144D00D0B0D3 /* SearchItem.swift */; };
		1AE4A9D32979146700D0B0D3 /* StoryListType.swift in Sources */ = {isa = PBXBuildFile; fileRef = 1AE4A9D22979146700D0B0D3 /* StoryListType.swift */; };
		1AE4A9D52979147200D0B0D3 /* UserItem.swift in Sources */ = {isa = PBXBuildFile; fileRef = 1AE4A9D42979147200D0B0D3 /* UserItem.swift */; };
		1AE4A9D929792B5A00D0B0D3 /* APIMemoryResponseCache.swift in Sources */ = {isa = PBXBuildFile; fileRef = 1AE4A9D829792B5A00D0B0D3 /* APIMemoryResponseCache.swift */; };
		1AE4A9DB29792E5E00D0B0D3 /* NetworkConnectivityManager.swift in Sources */ = {isa = PBXBuildFile; fileRef = 1AE4A9DA29792E5E00D0B0D3 /* NetworkConnectivityManager.swift */; };
		1AE4A9DD29792ECA00D0B0D3 /* RootInteractor.swift in Sources */ = {isa = PBXBuildFile; fileRef = 1AE4A9DC29792ECA00D0B0D3 /* RootInteractor.swift */; };
/* End PBXBuildFile section */

/* Begin PBXContainerItemProxy section */
		1A5DBBC2296933BB00D4D86E /* PBXContainerItemProxy */ = {
			isa = PBXContainerItemProxy;
			containerPortal = 1A5DBBA9296933BA00D4D86E /* Project object */;
			proxyType = 1;
			remoteGlobalIDString = 1A5DBBB0296933BA00D4D86E;
			remoteInfo = "SimpleHN-SwiftUI";
		};
		1A5DBBCC296933BB00D4D86E /* PBXContainerItemProxy */ = {
			isa = PBXContainerItemProxy;
			containerPortal = 1A5DBBA9296933BA00D4D86E /* Project object */;
			proxyType = 1;
			remoteGlobalIDString = 1A5DBBB0296933BA00D4D86E;
			remoteInfo = "SimpleHN-SwiftUI";
		};
/* End PBXContainerItemProxy section */

/* Begin PBXFileReference section */
		1A050D7E2981076400C26F12 /* TextLinkHandlerModifier.swift */ = {isa = PBXFileReference; lastKnownFileType = sourcecode.swift; path = TextLinkHandlerModifier.swift; sourceTree = "<group>"; };
		1A050D802982088500C26F12 /* CommentHeaderView.swift */ = {isa = PBXFileReference; lastKnownFileType = sourcecode.swift; path = CommentHeaderView.swift; sourceTree = "<group>"; };
		1A050D8229820E2000C26F12 /* SearchResultItem.swift */ = {isa = PBXFileReference; lastKnownFileType = sourcecode.swift; path = SearchResultItem.swift; sourceTree = "<group>"; };
		1A111DF8298899DD005B29B6 /* CommentIndentationView.swift */ = {isa = PBXFileReference; lastKnownFileType = sourcecode.swift; path = CommentIndentationView.swift; sourceTree = "<group>"; };
		1A111DFA29889C44005B29B6 /* UserItemViewModel.swift */ = {isa = PBXFileReference; lastKnownFileType = sourcecode.swift; path = UserItemViewModel.swift; sourceTree = "<group>"; };
		1A111DFC298B5A32005B29B6 /* ViewAllCommentsButton.swift */ = {isa = PBXFileReference; lastKnownFileType = sourcecode.swift; path = ViewAllCommentsButton.swift; sourceTree = "<group>"; };
		1A111DFF298B705B005B29B6 /* View+Bindings.swift */ = {isa = PBXFileReference; lastKnownFileType = sourcecode.swift; path = "View+Bindings.swift"; sourceTree = "<group>"; };
		1A111E01298B7307005B29B6 /* View+ConditionalModifier.swift */ = {isa = PBXFileReference; lastKnownFileType = sourcecode.swift; path = "View+ConditionalModifier.swift"; sourceTree = "<group>"; };
		1A111E03298B7321005B29B6 /* View+Color.swift */ = {isa = PBXFileReference; lastKnownFileType = sourcecode.swift; path = "View+Color.swift"; sourceTree = "<group>"; };
		1A2F380C297A86B500F35844 /* CommentNavigationModifier.swift */ = {isa = PBXFileReference; lastKnownFileType = sourcecode.swift; path = CommentNavigationModifier.swift; sourceTree = "<group>"; };
		1A5DBBB1296933BA00D4D86E /* Saturn.app */ = {isa = PBXFileReference; explicitFileType = wrapper.application; includeInIndex = 0; path = Saturn.app; sourceTree = BUILT_PRODUCTS_DIR; };
		1A5DBBB4296933BA00D4D86E /* SaturnApp.swift */ = {isa = PBXFileReference; lastKnownFileType = sourcecode.swift; path = SaturnApp.swift; sourceTree = "<group>"; };
		1A5DBBB6296933BA00D4D86E /* StoriesView.swift */ = {isa = PBXFileReference; lastKnownFileType = sourcecode.swift; path = StoriesView.swift; sourceTree = "<group>"; };
		1A5DBBB8296933BB00D4D86E /* Assets.xcassets */ = {isa = PBXFileReference; lastKnownFileType = folder.assetcatalog; path = Assets.xcassets; sourceTree = "<group>"; };
		1A5DBBBB296933BB00D4D86E /* Preview Assets.xcassets */ = {isa = PBXFileReference; lastKnownFileType = folder.assetcatalog; path = "Preview Assets.xcassets"; sourceTree = "<group>"; };
		1A5DBBC1296933BB00D4D86E /* SaturnTests.xctest */ = {isa = PBXFileReference; explicitFileType = wrapper.cfbundle; includeInIndex = 0; path = SaturnTests.xctest; sourceTree = BUILT_PRODUCTS_DIR; };
		1A5DBBCB296933BB00D4D86E /* SaturnUITests.xctest */ = {isa = PBXFileReference; explicitFileType = wrapper.cfbundle; includeInIndex = 0; path = SaturnUITests.xctest; sourceTree = BUILT_PRODUCTS_DIR; };
		1A5DBBCF296933BB00D4D86E /* SaturnUITests.swift */ = {isa = PBXFileReference; lastKnownFileType = sourcecode.swift; path = SaturnUITests.swift; sourceTree = "<group>"; };
		1A5DBBD1296933BB00D4D86E /* SaturnUITestsLaunchTests.swift */ = {isa = PBXFileReference; lastKnownFileType = sourcecode.swift; path = SaturnUITestsLaunchTests.swift; sourceTree = "<group>"; };
		1A5DBC032969548E00D4D86E /* APIManager.swift */ = {isa = PBXFileReference; lastKnownFileType = sourcecode.swift; path = APIManager.swift; sourceTree = "<group>"; };
		1A5DBC05296A892B00D4D86E /* StoriesInteractor.swift */ = {isa = PBXFileReference; lastKnownFileType = sourcecode.swift; path = StoriesInteractor.swift; sourceTree = "<group>"; };
		1A5DBC07296AA67300D4D86E /* LoadingView.swift */ = {isa = PBXFileReference; lastKnownFileType = sourcecode.swift; path = LoadingView.swift; sourceTree = "<group>"; };
		1A5DBC09296AAF6300D4D86E /* StoryDetailView.swift */ = {isa = PBXFileReference; lastKnownFileType = sourcecode.swift; path = StoryDetailView.swift; sourceTree = "<group>"; };
		1A5DBC0E296BD43800D4D86E /* StoryDetailInteractor.swift */ = {isa = PBXFileReference; lastKnownFileType = sourcecode.swift; path = StoryDetailInteractor.swift; sourceTree = "<group>"; };
		1A5DBC10296BD44D00D4D86E /* BaseUtils.swift */ = {isa = PBXFileReference; lastKnownFileType = sourcecode.swift; path = BaseUtils.swift; sourceTree = "<group>"; };
		1A5DBC12296BD46600D4D86E /* Story.swift */ = {isa = PBXFileReference; lastKnownFileType = sourcecode.swift; path = Story.swift; sourceTree = "<group>"; };
		1A5DBC16296BDAC200D4D86E /* Comment.swift */ = {isa = PBXFileReference; lastKnownFileType = sourcecode.swift; path = Comment.swift; sourceTree = "<group>"; };
		1A5DBC18296BF8A200D4D86E /* SafariView.swift */ = {isa = PBXFileReference; fileEncoding = 4; lastKnownFileType = sourcecode.swift; path = SafariView.swift; sourceTree = "<group>"; };
		1A5DBC1A296BFA1700D4D86E /* StoryRowView.swift */ = {isa = PBXFileReference; lastKnownFileType = sourcecode.swift; path = StoryRowView.swift; sourceTree = "<group>"; };
		1A5DBC1C296D0C8C00D4D86E /* CommentViewModel.swift */ = {isa = PBXFileReference; lastKnownFileType = sourcecode.swift; path = CommentViewModel.swift; sourceTree = "<group>"; };
		1A7E5B3E2982691E00C6BBC0 /* SpinnerView.swift */ = {isa = PBXFileReference; lastKnownFileType = sourcecode.swift; path = SpinnerView.swift; sourceTree = "<group>"; };
		1A7E5B402982695500C6BBC0 /* ListLoadingView.swift */ = {isa = PBXFileReference; lastKnownFileType = sourcecode.swift; path = ListLoadingView.swift; sourceTree = "<group>"; };
		1A7E5B422982696800C6BBC0 /* SearchNavigationView.swift */ = {isa = PBXFileReference; lastKnownFileType = sourcecode.swift; path = SearchNavigationView.swift; sourceTree = "<group>"; };
		1A7E5B442982697C00C6BBC0 /* SettingsNavigationView.swift */ = {isa = PBXFileReference; lastKnownFileType = sourcecode.swift; path = SettingsNavigationView.swift; sourceTree = "<group>"; };
		1A7E5B4629826CAB00C6BBC0 /* CommentExpandModifier.swift */ = {isa = PBXFileReference; lastKnownFileType = sourcecode.swift; path = CommentExpandModifier.swift; sourceTree = "<group>"; };
		1A873ABA296D667500870A50 /* ActivityViewController.swift */ = {isa = PBXFileReference; fileEncoding = 4; lastKnownFileType = sourcecode.swift; path = ActivityViewController.swift; sourceTree = "<group>"; };
		1A873ABC296E767B00870A50 /* UserView.swift */ = {isa = PBXFileReference; lastKnownFileType = sourcecode.swift; path = UserView.swift; sourceTree = "<group>"; };
		1A873ABE296E76B200870A50 /* CommentView.swift */ = {isa = PBXFileReference; lastKnownFileType = sourcecode.swift; path = CommentView.swift; sourceTree = "<group>"; wrapsLines = 0; };
		1A873AC6296F921C00870A50 /* User.swift */ = {isa = PBXFileReference; lastKnownFileType = sourcecode.swift; path = User.swift; sourceTree = "<group>"; };
		1A873AC8296FCD1600870A50 /* SettingsView.swift */ = {isa = PBXFileReference; lastKnownFileType = sourcecode.swift; path = SettingsView.swift; sourceTree = "<group>"; };
		1A873ACA296FCD4800870A50 /* TextProcessor.swift */ = {isa = PBXFileReference; lastKnownFileType = sourcecode.swift; path = TextProcessor.swift; sourceTree = "<group>"; wrapsLines = 1; };
		1A873ACC296FCD5B00870A50 /* SearchView.swift */ = {isa = PBXFileReference; lastKnownFileType = sourcecode.swift; path = SearchView.swift; sourceTree = "<group>"; };
		1A873AD02971136200870A50 /* StoryRowViewModel.swift */ = {isa = PBXFileReference; lastKnownFileType = sourcecode.swift; path = StoryRowViewModel.swift; sourceTree = "<group>"; };
		1A873AD229713BB300870A50 /* UserInteractor.swift */ = {isa = PBXFileReference; lastKnownFileType = sourcecode.swift; path = UserInteractor.swift; sourceTree = "<group>"; };
		1A873AD42971435B00870A50 /* UserViewModel.swift */ = {isa = PBXFileReference; lastKnownFileType = sourcecode.swift; path = UserViewModel.swift; sourceTree = "<group>"; };
		1A873AD62971461A00870A50 /* UserHeaderView.swift */ = {isa = PBXFileReference; lastKnownFileType = sourcecode.swift; path = UserHeaderView.swift; sourceTree = "<group>"; };
		1A888FBB299227F600490A74 /* Color+Codable.swift */ = {isa = PBXFileReference; lastKnownFileType = sourcecode.swift; path = "Color+Codable.swift"; sourceTree = "<group>"; };
		1A888FBE2992351900490A74 /* SettingsIndentationSelectColorView.swift */ = {isa = PBXFileReference; lastKnownFileType = sourcecode.swift; path = SettingsIndentationSelectColorView.swift; sourceTree = "<group>"; };
		1A888FC02993707B00490A74 /* TextProcessorTests.swift */ = {isa = PBXFileReference; lastKnownFileType = sourcecode.swift; path = TextProcessorTests.swift; sourceTree = "<group>"; };
		1A888FFB2994E44E00490A74 /* NavBarAccessor.swift */ = {isa = PBXFileReference; lastKnownFileType = sourcecode.swift; path = NavBarAccessor.swift; sourceTree = "<group>"; };
		1A888FFD2994E76900490A74 /* LayoutManager.swift */ = {isa = PBXFileReference; lastKnownFileType = sourcecode.swift; path = LayoutManager.swift; sourceTree = "<group>"; };
		1A888FFF2994EAEA00490A74 /* AnimatingCellHeight.swift */ = {isa = PBXFileReference; lastKnownFileType = sourcecode.swift; path = AnimatingCellHeight.swift; sourceTree = "<group>"; };
		1A8890022999FF2400490A74 /* APIDiskResponseCache.swift */ = {isa = PBXFileReference; lastKnownFileType = sourcecode.swift; path = APIDiskResponseCache.swift; sourceTree = "<group>"; };
		1AAFFF5C299A6A4000D06EF4 /* GoogleService-Info.plist */ = {isa = PBXFileReference; fileEncoding = 4; lastKnownFileType = text.plist.xml; path = "GoogleService-Info.plist"; sourceTree = "<group>"; };
		1AAFFF5E299B6F8E00D06EF4 /* Color+IndentationColor.swift */ = {isa = PBXFileReference; lastKnownFileType = sourcecode.swift; path = "Color+IndentationColor.swift"; sourceTree = "<group>"; };
		1ABAD6BD298CE6530072DA14 /* View+CornerRadius.swift */ = {isa = PBXFileReference; lastKnownFileType = sourcecode.swift; path = "View+CornerRadius.swift"; sourceTree = "<group>"; };
		1ABAD6BF298CF36E0072DA14 /* CommentLoader.swift */ = {isa = PBXFileReference; lastKnownFileType = sourcecode.swift; path = CommentLoader.swift; sourceTree = "<group>"; };
		1AE4A9912975250F00D0B0D3 /* RootView.swift */ = {isa = PBXFileReference; lastKnownFileType = sourcecode.swift; path = RootView.swift; sourceTree = "<group>"; };
		1AE4A993297526AB00D0B0D3 /* Settings.swift */ = {isa = PBXFileReference; fileEncoding = 4; lastKnownFileType = sourcecode.swift; path = Settings.swift; sourceTree = "<group>"; };
		1AE4A9952975356200D0B0D3 /* SettingsInteractor.swift */ = {isa = PBXFileReference; lastKnownFileType = sourcecode.swift; path = SettingsInteractor.swift; sourceTree = "<group>"; };
		1AE4A99729765CF800D0B0D3 /* InfiniteScrollView.swift */ = {isa = PBXFileReference; lastKnownFileType = sourcecode.swift; path = InfiniteScrollView.swift; sourceTree = "<group>"; };
		1AE4A99A2977938F00D0B0D3 /* SearchAPIManager.swift */ = {isa = PBXFileReference; lastKnownFileType = sourcecode.swift; path = SearchAPIManager.swift; sourceTree = "<group>"; };
		1AE4A99C2977B83E00D0B0D3 /* SearchInteractor.swift */ = {isa = PBXFileReference; lastKnownFileType = sourcecode.swift; path = SearchInteractor.swift; sourceTree = "<group>"; };
		1AE4A99E2977D7BF00D0B0D3 /* AppRemoteConfig.swift */ = {isa = PBXFileReference; lastKnownFileType = sourcecode.swift; path = AppRemoteConfig.swift; sourceTree = "<group>"; };
		1AE4A9C62977DC5000D0B0D3 /* remote_config_defaults.plist */ = {isa = PBXFileReference; fileEncoding = 4; lastKnownFileType = text.plist.xml; path = remote_config_defaults.plist; sourceTree = "<group>"; };
		1AE4A9CC297913E400D0B0D3 /* StoryDetailShareItem.swift */ = {isa = PBXFileReference; lastKnownFileType = sourcecode.swift; path = StoryDetailShareItem.swift; sourceTree = "<group>"; };
		1AE4A9CE2979143E00D0B0D3 /* SearchResponse.swift */ = {isa = PBXFileReference; lastKnownFileType = sourcecode.swift; path = SearchResponse.swift; sourceTree = "<group>"; };
		1AE4A9D02979144D00D0B0D3 /* SearchItem.swift */ = {isa = PBXFileReference; lastKnownFileType = sourcecode.swift; path = SearchItem.swift; sourceTree = "<group>"; };
		1AE4A9D22979146700D0B0D3 /* StoryListType.swift */ = {isa = PBXFileReference; lastKnownFileType = sourcecode.swift; path = StoryListType.swift; sourceTree = "<group>"; };
		1AE4A9D42979147200D0B0D3 /* UserItem.swift */ = {isa = PBXFileReference; lastKnownFileType = sourcecode.swift; path = UserItem.swift; sourceTree = "<group>"; };
		1AE4A9D829792B5A00D0B0D3 /* APIMemoryResponseCache.swift */ = {isa = PBXFileReference; lastKnownFileType = sourcecode.swift; path = APIMemoryResponseCache.swift; sourceTree = "<group>"; };
		1AE4A9DA29792E5E00D0B0D3 /* NetworkConnectivityManager.swift */ = {isa = PBXFileReference; lastKnownFileType = sourcecode.swift; path = NetworkConnectivityManager.swift; sourceTree = "<group>"; };
		1AE4A9DC29792ECA00D0B0D3 /* RootInteractor.swift */ = {isa = PBXFileReference; lastKnownFileType = sourcecode.swift; path = RootInteractor.swift; sourceTree = "<group>"; };
/* End PBXFileReference section */

/* Begin PBXFrameworksBuildPhase section */
		1A5DBBAE296933BA00D4D86E /* Frameworks */ = {
			isa = PBXFrameworksBuildPhase;
			buildActionMask = 2147483647;
			files = (
				1AE4A9C32977D92900D0B0D3 /* FirebaseRemoteConfig in Frameworks */,
				1AE4A9BB2977D92900D0B0D3 /* FirebaseDatabaseSwift in Frameworks */,
				1AE4A9B72977D92900D0B0D3 /* FirebaseCrashlytics in Frameworks */,
				1AE4A9B32977D92900D0B0D3 /* FirebaseAnalyticsSwift in Frameworks */,
				1AE4A9B92977D92900D0B0D3 /* FirebaseDatabase in Frameworks */,
				1AE4A9B52977D92900D0B0D3 /* FirebaseAnalyticsWithoutAdIdSupport in Frameworks */,
				1AE4A9BD2977D92900D0B0D3 /* FirebaseFirestore in Frameworks */,
				1AE4A9C52977D92900D0B0D3 /* FirebaseRemoteConfigSwift in Frameworks */,
				1AE4A9BF2977D92900D0B0D3 /* FirebaseFirestoreCombine-Community in Frameworks */,
				1A3911D5297E62980045D14F /* SwiftyMarkdown in Frameworks */,
				1AE4A9C12977D92900D0B0D3 /* FirebaseFirestoreSwift in Frameworks */,
			);
			runOnlyForDeploymentPostprocessing = 0;
		};
		1A5DBBBE296933BB00D4D86E /* Frameworks */ = {
			isa = PBXFrameworksBuildPhase;
			buildActionMask = 2147483647;
			files = (
				1A888FD62993719A00490A74 /* FirebaseDatabase in Frameworks */,
				1A888FE42993719A00490A74 /* FirebaseFunctionsCombine-Community in Frameworks */,
				1A888FDC2993719A00490A74 /* FirebaseFirestore in Frameworks */,
				1A888FC82993719A00490A74 /* FirebaseAnalyticsSwift in Frameworks */,
				1A888FC42993719A00490A74 /* FirebaseAnalytics in Frameworks */,
				1A888FC62993719A00490A74 /* FirebaseAnalyticsOnDeviceConversion in Frameworks */,
				1A888FE02993719A00490A74 /* FirebaseFirestoreSwift in Frameworks */,
				1A888FEE2993719A00490A74 /* FirebaseMLModelDownloader in Frameworks */,
				1A888FCC2993719A00490A74 /* FirebaseAppCheck in Frameworks */,
				1A888FCA2993719A00490A74 /* FirebaseAnalyticsWithoutAdIdSupport in Frameworks */,
				1A888FEC2993719A00490A74 /* FirebaseMessaging in Frameworks */,
				1A888FD02993719A00490A74 /* FirebaseAuth in Frameworks */,
				1A888FF42993719A00490A74 /* FirebaseRemoteConfigSwift in Frameworks */,
				1A888FD42993719A00490A74 /* FirebaseCrashlytics in Frameworks */,
				1A888FE62993719A00490A74 /* FirebaseInAppMessaging-Beta in Frameworks */,
				1A888FD82993719A00490A74 /* FirebaseDatabaseSwift in Frameworks */,
				1A888FF82993719A00490A74 /* FirebaseStorageCombine-Community in Frameworks */,
				1A888FF22993719A00490A74 /* FirebaseRemoteConfig in Frameworks */,
				1A888FE22993719A00490A74 /* FirebaseFunctions in Frameworks */,
				1A888FFA2993719A00490A74 /* SwiftyMarkdown in Frameworks */,
				1A888FCE2993719A00490A74 /* FirebaseAppDistribution-Beta in Frameworks */,
				1A888FF02993719A00490A74 /* FirebasePerformance in Frameworks */,
				1A888FD22993719A00490A74 /* FirebaseAuthCombine-Community in Frameworks */,
				1A888FF62993719A00490A74 /* FirebaseStorage in Frameworks */,
				1A888FE82993719A00490A74 /* FirebaseInAppMessagingSwift-Beta in Frameworks */,
				1A888FDA2993719A00490A74 /* FirebaseDynamicLinks in Frameworks */,
				1A888FDE2993719A00490A74 /* FirebaseFirestoreCombine-Community in Frameworks */,
				1A888FEA2993719A00490A74 /* FirebaseInstallations in Frameworks */,
			);
			runOnlyForDeploymentPostprocessing = 0;
		};
		1A5DBBC8296933BB00D4D86E /* Frameworks */ = {
			isa = PBXFrameworksBuildPhase;
			buildActionMask = 2147483647;
			files = (
			);
			runOnlyForDeploymentPostprocessing = 0;
		};
/* End PBXFrameworksBuildPhase section */

/* Begin PBXGroup section */
		1A111DFE298B704E005B29B6 /* Extensions */ = {
			isa = PBXGroup;
			children = (
				1A111DFF298B705B005B29B6 /* View+Bindings.swift */,
				1A111E01298B7307005B29B6 /* View+ConditionalModifier.swift */,
				1A111E03298B7321005B29B6 /* View+Color.swift */,
				1ABAD6BD298CE6530072DA14 /* View+CornerRadius.swift */,
				1A888FBB299227F600490A74 /* Color+Codable.swift */,
				1AAFFF5E299B6F8E00D06EF4 /* Color+IndentationColor.swift */,
			);
			path = Extensions;
			sourceTree = "<group>";
		};
		1A2F380B297A86AB00F35844 /* Modifiers */ = {
			isa = PBXGroup;
			children = (
				1A2F380C297A86B500F35844 /* CommentNavigationModifier.swift */,
				1A050D7E2981076400C26F12 /* TextLinkHandlerModifier.swift */,
				1A7E5B4629826CAB00C6BBC0 /* CommentExpandModifier.swift */,
			);
			path = Modifiers;
			sourceTree = "<group>";
		};
		1A5DBBA8296933BA00D4D86E = {
			isa = PBXGroup;
			children = (
				1A5DBBB3296933BA00D4D86E /* Saturn */,
				1A5DBBC4296933BB00D4D86E /* SaturnTests */,
				1A5DBBCE296933BB00D4D86E /* SaturnUITests */,
				1A5DBBB2296933BA00D4D86E /* Products */,
				1A888FC22993719A00490A74 /* Frameworks */,
			);
			sourceTree = "<group>";
		};
		1A5DBBB2296933BA00D4D86E /* Products */ = {
			isa = PBXGroup;
			children = (
				1A5DBBB1296933BA00D4D86E /* Saturn.app */,
				1A5DBBC1296933BB00D4D86E /* SaturnTests.xctest */,
				1A5DBBCB296933BB00D4D86E /* SaturnUITests.xctest */,
			);
			name = Products;
			sourceTree = "<group>";
		};
		1A5DBBB3296933BA00D4D86E /* Saturn */ = {
			isa = PBXGroup;
			children = (
				1A8890012999FF1500490A74 /* Cache */,
				1A111DFE298B704E005B29B6 /* Extensions */,
				1A2F380B297A86AB00F35844 /* Modifiers */,
				1A873ACF2971135900870A50 /* View Models */,
				1A873AB9296D666A00870A50 /* Utilities */,
				1A873AB8296D444400870A50 /* Managers */,
				1A5DBC15296BDAB400D4D86E /* Interactors */,
				1A5DBC14296BDAAC00D4D86E /* Models */,
				1A5DBC0B296AAF6700D4D86E /* Views */,
				1A5DBBB4296933BA00D4D86E /* SaturnApp.swift */,
				1AE4A9C62977DC5000D0B0D3 /* remote_config_defaults.plist */,
				1AAFFF5C299A6A4000D06EF4 /* GoogleService-Info.plist */,
				1A5DBBB8296933BB00D4D86E /* Assets.xcassets */,
				1A5DBBBA296933BB00D4D86E /* Preview Content */,
				1A5DBC10296BD44D00D4D86E /* BaseUtils.swift */,
			);
			path = Saturn;
			sourceTree = "<group>";
		};
		1A5DBBBA296933BB00D4D86E /* Preview Content */ = {
			isa = PBXGroup;
			children = (
				1A5DBBBB296933BB00D4D86E /* Preview Assets.xcassets */,
			);
			path = "Preview Content";
			sourceTree = "<group>";
		};
		1A5DBBC4296933BB00D4D86E /* SaturnTests */ = {
			isa = PBXGroup;
			children = (
				1A888FC02993707B00490A74 /* TextProcessorTests.swift */,
			);
			path = SaturnTests;
			sourceTree = "<group>";
		};
		1A5DBBCE296933BB00D4D86E /* SaturnUITests */ = {
			isa = PBXGroup;
			children = (
				1A5DBBCF296933BB00D4D86E /* SaturnUITests.swift */,
				1A5DBBD1296933BB00D4D86E /* SaturnUITestsLaunchTests.swift */,
			);
			path = SaturnUITests;
			sourceTree = "<group>";
		};
		1A5DBC0B296AAF6700D4D86E /* Views */ = {
			isa = PBXGroup;
			children = (
				1A888FBD2992350E00490A74 /* Settings */,
				1AE4A99929778F1900D0B0D3 /* Partial */,
				1A5DBBB6296933BA00D4D86E /* StoriesView.swift */,
				1A5DBC09296AAF6300D4D86E /* StoryDetailView.swift */,
				1A873ABC296E767B00870A50 /* UserView.swift */,
				1A873ACC296FCD5B00870A50 /* SearchView.swift */,
				1AE4A9912975250F00D0B0D3 /* RootView.swift */,
			);
			path = Views;
			sourceTree = "<group>";
		};
		1A5DBC14296BDAAC00D4D86E /* Models */ = {
			isa = PBXGroup;
			children = (
				1AE4A9D02979144D00D0B0D3 /* SearchItem.swift */,
				1A5DBC12296BD46600D4D86E /* Story.swift */,
				1A5DBC16296BDAC200D4D86E /* Comment.swift */,
				1A873AC6296F921C00870A50 /* User.swift */,
				1AE4A9CC297913E400D0B0D3 /* StoryDetailShareItem.swift */,
				1AE4A9CE2979143E00D0B0D3 /* SearchResponse.swift */,
				1AE4A9D22979146700D0B0D3 /* StoryListType.swift */,
				1AE4A9D42979147200D0B0D3 /* UserItem.swift */,
				1A050D8229820E2000C26F12 /* SearchResultItem.swift */,
			);
			path = Models;
			sourceTree = "<group>";
		};
		1A5DBC15296BDAB400D4D86E /* Interactors */ = {
			isa = PBXGroup;
			children = (
				1A5DBC05296A892B00D4D86E /* StoriesInteractor.swift */,
				1A5DBC0E296BD43800D4D86E /* StoryDetailInteractor.swift */,
				1A873AD229713BB300870A50 /* UserInteractor.swift */,
				1AE4A9952975356200D0B0D3 /* SettingsInteractor.swift */,
				1AE4A99C2977B83E00D0B0D3 /* SearchInteractor.swift */,
				1AE4A9DC29792ECA00D0B0D3 /* RootInteractor.swift */,
			);
			path = Interactors;
			sourceTree = "<group>";
		};
		1A873AB8296D444400870A50 /* Managers */ = {
			isa = PBXGroup;
			children = (
				1AE4A993297526AB00D0B0D3 /* Settings.swift */,
				1A5DBC032969548E00D4D86E /* APIManager.swift */,
				1A873ACA296FCD4800870A50 /* TextProcessor.swift */,
				1AE4A99A2977938F00D0B0D3 /* SearchAPIManager.swift */,
				1AE4A9DA29792E5E00D0B0D3 /* NetworkConnectivityManager.swift */,
				1ABAD6BF298CF36E0072DA14 /* CommentLoader.swift */,
			);
			path = Managers;
			sourceTree = "<group>";
		};
		1A873AB9296D666A00870A50 /* Utilities */ = {
			isa = PBXGroup;
			children = (
				1A873ABA296D667500870A50 /* ActivityViewController.swift */,
				1A5DBC18296BF8A200D4D86E /* SafariView.swift */,
				1AE4A99E2977D7BF00D0B0D3 /* AppRemoteConfig.swift */,
				1A888FFB2994E44E00490A74 /* NavBarAccessor.swift */,
				1A888FFD2994E76900490A74 /* LayoutManager.swift */,
				1A888FFF2994EAEA00490A74 /* AnimatingCellHeight.swift */,
			);
			path = Utilities;
			sourceTree = "<group>";
		};
		1A873ACF2971135900870A50 /* View Models */ = {
			isa = PBXGroup;
			children = (
				1A5DBC1C296D0C8C00D4D86E /* CommentViewModel.swift */,
				1A873AD42971435B00870A50 /* UserViewModel.swift */,
				1A873AD02971136200870A50 /* StoryRowViewModel.swift */,
				1A111DFA29889C44005B29B6 /* UserItemViewModel.swift */,
			);
			path = "View Models";
			sourceTree = "<group>";
		};
		1A888FBD2992350E00490A74 /* Settings */ = {
			isa = PBXGroup;
			children = (
				1A888FBE2992351900490A74 /* SettingsIndentationSelectColorView.swift */,
				1A873AC8296FCD1600870A50 /* SettingsView.swift */,
			);
			path = Settings;
			sourceTree = "<group>";
		};
		1A888FC22993719A00490A74 /* Frameworks */ = {
			isa = PBXGroup;
			children = (
			);
			name = Frameworks;
			sourceTree = "<group>";
		};
		1A8890012999FF1500490A74 /* Cache */ = {
			isa = PBXGroup;
			children = (
				1AE4A9D829792B5A00D0B0D3 /* APIMemoryResponseCache.swift */,
				1A8890022999FF2400490A74 /* APIDiskResponseCache.swift */,
			);
			path = Cache;
			sourceTree = "<group>";
		};
		1AE4A99929778F1900D0B0D3 /* Partial */ = {
			isa = PBXGroup;
			children = (
				1A7E5B442982697C00C6BBC0 /* SettingsNavigationView.swift */,
				1A873ABE296E76B200870A50 /* CommentView.swift */,
				1A5DBC07296AA67300D4D86E /* LoadingView.swift */,
				1A5DBC1A296BFA1700D4D86E /* StoryRowView.swift */,
				1A873AD62971461A00870A50 /* UserHeaderView.swift */,
				1AE4A99729765CF800D0B0D3 /* InfiniteScrollView.swift */,
				1A050D802982088500C26F12 /* CommentHeaderView.swift */,
				1A7E5B3E2982691E00C6BBC0 /* SpinnerView.swift */,
				1A7E5B402982695500C6BBC0 /* ListLoadingView.swift */,
				1A7E5B422982696800C6BBC0 /* SearchNavigationView.swift */,
				1A111DF8298899DD005B29B6 /* CommentIndentationView.swift */,
				1A111DFC298B5A32005B29B6 /* ViewAllCommentsButton.swift */,
			);
			path = Partial;
			sourceTree = "<group>";
		};
/* End PBXGroup section */

/* Begin PBXNativeTarget section */
		1A5DBBB0296933BA00D4D86E /* Saturn */ = {
			isa = PBXNativeTarget;
			buildConfigurationList = 1A5DBBD5296933BB00D4D86E /* Build configuration list for PBXNativeTarget "Saturn" */;
			buildPhases = (
				1A5DBBAD296933BA00D4D86E /* Sources */,
				1A5DBBAE296933BA00D4D86E /* Frameworks */,
				1A5DBBAF296933BA00D4D86E /* Resources */,
			);
			buildRules = (
			);
			dependencies = (
			);
			name = Saturn;
			packageProductDependencies = (
				1AE4A9B22977D92900D0B0D3 /* FirebaseAnalyticsSwift */,
				1AE4A9B42977D92900D0B0D3 /* FirebaseAnalyticsWithoutAdIdSupport */,
				1AE4A9B62977D92900D0B0D3 /* FirebaseCrashlytics */,
				1AE4A9B82977D92900D0B0D3 /* FirebaseDatabase */,
				1AE4A9BA2977D92900D0B0D3 /* FirebaseDatabaseSwift */,
				1AE4A9BC2977D92900D0B0D3 /* FirebaseFirestore */,
				1AE4A9BE2977D92900D0B0D3 /* FirebaseFirestoreCombine-Community */,
				1AE4A9C02977D92900D0B0D3 /* FirebaseFirestoreSwift */,
				1AE4A9C22977D92900D0B0D3 /* FirebaseRemoteConfig */,
				1AE4A9C42977D92900D0B0D3 /* FirebaseRemoteConfigSwift */,
				1A3911D4297E62980045D14F /* SwiftyMarkdown */,
			);
			productName = "SimpleHN-SwiftUI";
			productReference = 1A5DBBB1296933BA00D4D86E /* Saturn.app */;
			productType = "com.apple.product-type.application";
		};
		1A5DBBC0296933BB00D4D86E /* SaturnTests */ = {
			isa = PBXNativeTarget;
			buildConfigurationList = 1A5DBBD8296933BB00D4D86E /* Build configuration list for PBXNativeTarget "SaturnTests" */;
			buildPhases = (
				1A5DBBBD296933BB00D4D86E /* Sources */,
				1A5DBBBE296933BB00D4D86E /* Frameworks */,
				1A5DBBBF296933BB00D4D86E /* Resources */,
			);
			buildRules = (
			);
			dependencies = (
				1A5DBBC3296933BB00D4D86E /* PBXTargetDependency */,
			);
			name = SaturnTests;
			packageProductDependencies = (
				1A888FC32993719A00490A74 /* FirebaseAnalytics */,
				1A888FC52993719A00490A74 /* FirebaseAnalyticsOnDeviceConversion */,
				1A888FC72993719A00490A74 /* FirebaseAnalyticsSwift */,
				1A888FC92993719A00490A74 /* FirebaseAnalyticsWithoutAdIdSupport */,
				1A888FCB2993719A00490A74 /* FirebaseAppCheck */,
				1A888FCD2993719A00490A74 /* FirebaseAppDistribution-Beta */,
				1A888FCF2993719A00490A74 /* FirebaseAuth */,
				1A888FD12993719A00490A74 /* FirebaseAuthCombine-Community */,
				1A888FD32993719A00490A74 /* FirebaseCrashlytics */,
				1A888FD52993719A00490A74 /* FirebaseDatabase */,
				1A888FD72993719A00490A74 /* FirebaseDatabaseSwift */,
				1A888FD92993719A00490A74 /* FirebaseDynamicLinks */,
				1A888FDB2993719A00490A74 /* FirebaseFirestore */,
				1A888FDD2993719A00490A74 /* FirebaseFirestoreCombine-Community */,
				1A888FDF2993719A00490A74 /* FirebaseFirestoreSwift */,
				1A888FE12993719A00490A74 /* FirebaseFunctions */,
				1A888FE32993719A00490A74 /* FirebaseFunctionsCombine-Community */,
				1A888FE52993719A00490A74 /* FirebaseInAppMessaging-Beta */,
				1A888FE72993719A00490A74 /* FirebaseInAppMessagingSwift-Beta */,
				1A888FE92993719A00490A74 /* FirebaseInstallations */,
				1A888FEB2993719A00490A74 /* FirebaseMessaging */,
				1A888FED2993719A00490A74 /* FirebaseMLModelDownloader */,
				1A888FEF2993719A00490A74 /* FirebasePerformance */,
				1A888FF12993719A00490A74 /* FirebaseRemoteConfig */,
				1A888FF32993719A00490A74 /* FirebaseRemoteConfigSwift */,
				1A888FF52993719A00490A74 /* FirebaseStorage */,
				1A888FF72993719A00490A74 /* FirebaseStorageCombine-Community */,
				1A888FF92993719A00490A74 /* SwiftyMarkdown */,
			);
			productName = "SimpleHN-SwiftUITests";
			productReference = 1A5DBBC1296933BB00D4D86E /* SaturnTests.xctest */;
			productType = "com.apple.product-type.bundle.unit-test";
		};
		1A5DBBCA296933BB00D4D86E /* SaturnUITests */ = {
			isa = PBXNativeTarget;
			buildConfigurationList = 1A5DBBDB296933BB00D4D86E /* Build configuration list for PBXNativeTarget "SaturnUITests" */;
			buildPhases = (
				1A5DBBC7296933BB00D4D86E /* Sources */,
				1A5DBBC8296933BB00D4D86E /* Frameworks */,
				1A5DBBC9296933BB00D4D86E /* Resources */,
			);
			buildRules = (
			);
			dependencies = (
				1A5DBBCD296933BB00D4D86E /* PBXTargetDependency */,
			);
			name = SaturnUITests;
			productName = "SimpleHN-SwiftUIUITests";
			productReference = 1A5DBBCB296933BB00D4D86E /* SaturnUITests.xctest */;
			productType = "com.apple.product-type.bundle.ui-testing";
		};
/* End PBXNativeTarget section */

/* Begin PBXProject section */
		1A5DBBA9296933BA00D4D86E /* Project object */ = {
			isa = PBXProject;
			attributes = {
				BuildIndependentTargetsInParallel = 1;
				LastSwiftUpdateCheck = 1400;
				LastUpgradeCheck = 1400;
				TargetAttributes = {
					1A5DBBB0296933BA00D4D86E = {
						CreatedOnToolsVersion = 14.0.1;
					};
					1A5DBBC0296933BB00D4D86E = {
						CreatedOnToolsVersion = 14.0.1;
						TestTargetID = 1A5DBBB0296933BA00D4D86E;
					};
					1A5DBBCA296933BB00D4D86E = {
						CreatedOnToolsVersion = 14.0.1;
						TestTargetID = 1A5DBBB0296933BA00D4D86E;
					};
				};
			};
			buildConfigurationList = 1A5DBBAC296933BA00D4D86E /* Build configuration list for PBXProject "Saturn" */;
			compatibilityVersion = "Xcode 14.0";
			developmentRegion = en;
			hasScannedForEncodings = 0;
			knownRegions = (
				en,
				Base,
			);
			mainGroup = 1A5DBBA8296933BA00D4D86E;
			packageReferences = (
				1AE4A9B12977D92900D0B0D3 /* XCRemoteSwiftPackageReference "firebase-ios-sdk" */,
				1A3911D3297E62980045D14F /* XCRemoteSwiftPackageReference "SwiftyMarkdown" */,
			);
			productRefGroup = 1A5DBBB2296933BA00D4D86E /* Products */;
			projectDirPath = "";
			projectRoot = "";
			targets = (
				1A5DBBB0296933BA00D4D86E /* Saturn */,
				1A5DBBC0296933BB00D4D86E /* SaturnTests */,
				1A5DBBCA296933BB00D4D86E /* SaturnUITests */,
			);
		};
/* End PBXProject section */

/* Begin PBXResourcesBuildPhase section */
		1A5DBBAF296933BA00D4D86E /* Resources */ = {
			isa = PBXResourcesBuildPhase;
			buildActionMask = 2147483647;
			files = (
				1A5DBBBC296933BB00D4D86E /* Preview Assets.xcassets in Resources */,
				1AAFFF5D299A6A4100D06EF4 /* GoogleService-Info.plist in Resources */,
				1A5DBBB9296933BB00D4D86E /* Assets.xcassets in Resources */,
				1AE4A9C72977DC5000D0B0D3 /* remote_config_defaults.plist in Resources */,
			);
			runOnlyForDeploymentPostprocessing = 0;
		};
		1A5DBBBF296933BB00D4D86E /* Resources */ = {
			isa = PBXResourcesBuildPhase;
			buildActionMask = 2147483647;
			files = (
			);
			runOnlyForDeploymentPostprocessing = 0;
		};
		1A5DBBC9296933BB00D4D86E /* Resources */ = {
			isa = PBXResourcesBuildPhase;
			buildActionMask = 2147483647;
			files = (
			);
			runOnlyForDeploymentPostprocessing = 0;
		};
/* End PBXResourcesBuildPhase section */

/* Begin PBXSourcesBuildPhase section */
		1A5DBBAD296933BA00D4D86E /* Sources */ = {
			isa = PBXSourcesBuildPhase;
			buildActionMask = 2147483647;
			files = (
				1A111DFB29889C44005B29B6 /* UserItemViewModel.swift in Sources */,
				1A873ACD296FCD5B00870A50 /* SearchView.swift in Sources */,
				1AE4A99B2977938F00D0B0D3 /* SearchAPIManager.swift in Sources */,
				1A7E5B3F2982691E00C6BBC0 /* SpinnerView.swift in Sources */,
				1A888FBC299227F600490A74 /* Color+Codable.swift in Sources */,
				1A111DF9298899DD005B29B6 /* CommentIndentationView.swift in Sources */,
				1A873AD12971136200870A50 /* StoryRowViewModel.swift in Sources */,
				1AE4A994297526AB00D0B0D3 /* Settings.swift in Sources */,
				1A5DBC06296A892B00D4D86E /* StoriesInteractor.swift in Sources */,
				1ABAD6C0298CF36E0072DA14 /* CommentLoader.swift in Sources */,
				1A7E5B432982696800C6BBC0 /* SearchNavigationView.swift in Sources */,
				1A5DBC19296BF8A200D4D86E /* SafariView.swift in Sources */,
				1A873ACB296FCD4800870A50 /* TextProcessor.swift in Sources */,
				1A5DBC042969548E00D4D86E /* APIManager.swift in Sources */,
				1A888FFC2994E44E00490A74 /* NavBarAccessor.swift in Sources */,
				1A050D7F2981076400C26F12 /* TextLinkHandlerModifier.swift in Sources */,
				1A873AC9296FCD1600870A50 /* SettingsView.swift in Sources */,
				1ABAD6BE298CE6530072DA14 /* View+CornerRadius.swift in Sources */,
				1A5DBC1D296D0C8C00D4D86E /* CommentViewModel.swift in Sources */,
				1AE4A9DB29792E5E00D0B0D3 /* NetworkConnectivityManager.swift in Sources */,
				1A7E5B412982695500C6BBC0 /* ListLoadingView.swift in Sources */,
				1A5DBBB7296933BA00D4D86E /* StoriesView.swift in Sources */,
				1AE4A9D52979147200D0B0D3 /* UserItem.swift in Sources */,
				1AE4A9CD297913E400D0B0D3 /* StoryDetailShareItem.swift in Sources */,
				1A5DBC0F296BD43800D4D86E /* StoryDetailInteractor.swift in Sources */,
				1AE4A9D32979146700D0B0D3 /* StoryListType.swift in Sources */,
				1AAFFF5F299B6F8E00D06EF4 /* Color+IndentationColor.swift in Sources */,
				1A111E02298B7307005B29B6 /* View+ConditionalModifier.swift in Sources */,
				1AE4A99F2977D7BF00D0B0D3 /* AppRemoteConfig.swift in Sources */,
				1AE4A9D929792B5A00D0B0D3 /* APIMemoryResponseCache.swift in Sources */,
				1AE4A9DD29792ECA00D0B0D3 /* RootInteractor.swift in Sources */,
				1AE4A9D12979144D00D0B0D3 /* SearchItem.swift in Sources */,
				1A873AD72971461A00870A50 /* UserHeaderView.swift in Sources */,
				1A873AD52971435B00870A50 /* UserViewModel.swift in Sources */,
				1A050D8329820E2000C26F12 /* SearchResultItem.swift in Sources */,
				1A5DBC1B296BFA1700D4D86E /* StoryRowView.swift in Sources */,
				1A888FFE2994E76900490A74 /* LayoutManager.swift in Sources */,
				1A111DFD298B5A32005B29B6 /* ViewAllCommentsButton.swift in Sources */,
				1AE4A9CF2979143E00D0B0D3 /* SearchResponse.swift in Sources */,
				1A050D812982088500C26F12 /* CommentHeaderView.swift in Sources */,
				1A2F380D297A86B500F35844 /* CommentNavigationModifier.swift in Sources */,
				1A873AC7296F921C00870A50 /* User.swift in Sources */,
				1AE4A99829765CF800D0B0D3 /* InfiniteScrollView.swift in Sources */,
				1A873ABD296E767B00870A50 /* UserView.swift in Sources */,
				1A873AD329713BB300870A50 /* UserInteractor.swift in Sources */,
				1A7E5B4729826CAB00C6BBC0 /* CommentExpandModifier.swift in Sources */,
				1A8890032999FF2400490A74 /* APIDiskResponseCache.swift in Sources */,
				1A5DBC0A296AAF6300D4D86E /* StoryDetailView.swift in Sources */,
				1A5DBC17296BDAC200D4D86E /* Comment.swift in Sources */,
				1A873ABF296E76B200870A50 /* CommentView.swift in Sources */,
				1A5DBC08296AA67300D4D86E /* LoadingView.swift in Sources */,
				1A888FBF2992351900490A74 /* SettingsIndentationSelectColorView.swift in Sources */,
				1A5DBC11296BD44D00D4D86E /* BaseUtils.swift in Sources */,
				1AE4A99D2977B83E00D0B0D3 /* SearchInteractor.swift in Sources */,
				1A873ABB296D667600870A50 /* ActivityViewController.swift in Sources */,
				1A111E00298B705B005B29B6 /* View+Bindings.swift in Sources */,
				1A111E04298B7321005B29B6 /* View+Color.swift in Sources */,
				1A5DBBB5296933BA00D4D86E /* SaturnApp.swift in Sources */,
				1A5DBC13296BD46600D4D86E /* Story.swift in Sources */,
				1A8890002994EAEA00490A74 /* AnimatingCellHeight.swift in Sources */,
				1AE4A9922975250F00D0B0D3 /* RootView.swift in Sources */,
				1AE4A9962975356200D0B0D3 /* SettingsInteractor.swift in Sources */,
				1A7E5B452982697C00C6BBC0 /* SettingsNavigationView.swift in Sources */,
			);
			runOnlyForDeploymentPostprocessing = 0;
		};
		1A5DBBBD296933BB00D4D86E /* Sources */ = {
			isa = PBXSourcesBuildPhase;
			buildActionMask = 2147483647;
			files = (
				1A873ACE2970F64800870A50 /* TextProcessor.swift in Sources */,
				1A888FC12993707B00490A74 /* TextProcessorTests.swift in Sources */,
			);
			runOnlyForDeploymentPostprocessing = 0;
		};
		1A5DBBC7296933BB00D4D86E /* Sources */ = {
			isa = PBXSourcesBuildPhase;
			buildActionMask = 2147483647;
			files = (
				1A5DBBD2296933BB00D4D86E /* SaturnUITestsLaunchTests.swift in Sources */,
				1A5DBBD0296933BB00D4D86E /* SaturnUITests.swift in Sources */,
			);
			runOnlyForDeploymentPostprocessing = 0;
		};
/* End PBXSourcesBuildPhase section */

/* Begin PBXTargetDependency section */
		1A5DBBC3296933BB00D4D86E /* PBXTargetDependency */ = {
			isa = PBXTargetDependency;
			target = 1A5DBBB0296933BA00D4D86E /* Saturn */;
			targetProxy = 1A5DBBC2296933BB00D4D86E /* PBXContainerItemProxy */;
		};
		1A5DBBCD296933BB00D4D86E /* PBXTargetDependency */ = {
			isa = PBXTargetDependency;
			target = 1A5DBBB0296933BA00D4D86E /* Saturn */;
			targetProxy = 1A5DBBCC296933BB00D4D86E /* PBXContainerItemProxy */;
		};
/* End PBXTargetDependency section */

/* Begin XCBuildConfiguration section */
		1A5DBBD3296933BB00D4D86E /* Debug */ = {
			isa = XCBuildConfiguration;
			buildSettings = {
				ALWAYS_SEARCH_USER_PATHS = NO;
				CLANG_ANALYZER_NONNULL = YES;
				CLANG_ANALYZER_NUMBER_OBJECT_CONVERSION = YES_AGGRESSIVE;
				CLANG_CXX_LANGUAGE_STANDARD = "gnu++20";
				CLANG_ENABLE_MODULES = YES;
				CLANG_ENABLE_OBJC_ARC = YES;
				CLANG_ENABLE_OBJC_WEAK = YES;
				CLANG_WARN_BLOCK_CAPTURE_AUTORELEASING = YES;
				CLANG_WARN_BOOL_CONVERSION = YES;
				CLANG_WARN_COMMA = YES;
				CLANG_WARN_CONSTANT_CONVERSION = YES;
				CLANG_WARN_DEPRECATED_OBJC_IMPLEMENTATIONS = YES;
				CLANG_WARN_DIRECT_OBJC_ISA_USAGE = YES_ERROR;
				CLANG_WARN_DOCUMENTATION_COMMENTS = YES;
				CLANG_WARN_EMPTY_BODY = YES;
				CLANG_WARN_ENUM_CONVERSION = YES;
				CLANG_WARN_INFINITE_RECURSION = YES;
				CLANG_WARN_INT_CONVERSION = YES;
				CLANG_WARN_NON_LITERAL_NULL_CONVERSION = YES;
				CLANG_WARN_OBJC_IMPLICIT_RETAIN_SELF = YES;
				CLANG_WARN_OBJC_LITERAL_CONVERSION = YES;
				CLANG_WARN_OBJC_ROOT_CLASS = YES_ERROR;
				CLANG_WARN_QUOTED_INCLUDE_IN_FRAMEWORK_HEADER = YES;
				CLANG_WARN_RANGE_LOOP_ANALYSIS = YES;
				CLANG_WARN_STRICT_PROTOTYPES = YES;
				CLANG_WARN_SUSPICIOUS_MOVE = YES;
				CLANG_WARN_UNGUARDED_AVAILABILITY = YES_AGGRESSIVE;
				CLANG_WARN_UNREACHABLE_CODE = YES;
				CLANG_WARN__DUPLICATE_METHOD_MATCH = YES;
				COPY_PHASE_STRIP = NO;
				DEBUG_INFORMATION_FORMAT = dwarf;
				ENABLE_STRICT_OBJC_MSGSEND = YES;
				ENABLE_TESTABILITY = YES;
				GCC_C_LANGUAGE_STANDARD = gnu11;
				GCC_DYNAMIC_NO_PIC = NO;
				GCC_NO_COMMON_BLOCKS = YES;
				GCC_OPTIMIZATION_LEVEL = 0;
				GCC_PREPROCESSOR_DEFINITIONS = (
					"DEBUG=1",
					"$(inherited)",
				);
				GCC_WARN_64_TO_32_BIT_CONVERSION = YES;
				GCC_WARN_ABOUT_RETURN_TYPE = YES_ERROR;
				GCC_WARN_UNDECLARED_SELECTOR = YES;
				GCC_WARN_UNINITIALIZED_AUTOS = YES_AGGRESSIVE;
				GCC_WARN_UNUSED_FUNCTION = YES;
				GCC_WARN_UNUSED_VARIABLE = YES;
				IPHONEOS_DEPLOYMENT_TARGET = 16.0;
				MTL_ENABLE_DEBUG_INFO = INCLUDE_SOURCE;
				MTL_FAST_MATH = YES;
				ONLY_ACTIVE_ARCH = YES;
				PRODUCT_NAME = Saturn;
				SDKROOT = iphoneos;
				SWIFT_ACTIVE_COMPILATION_CONDITIONS = DEBUG;
				SWIFT_OPTIMIZATION_LEVEL = "-Onone";
			};
			name = Debug;
		};
		1A5DBBD4296933BB00D4D86E /* Release */ = {
			isa = XCBuildConfiguration;
			buildSettings = {
				ALWAYS_SEARCH_USER_PATHS = NO;
				CLANG_ANALYZER_NONNULL = YES;
				CLANG_ANALYZER_NUMBER_OBJECT_CONVERSION = YES_AGGRESSIVE;
				CLANG_CXX_LANGUAGE_STANDARD = "gnu++20";
				CLANG_ENABLE_MODULES = YES;
				CLANG_ENABLE_OBJC_ARC = YES;
				CLANG_ENABLE_OBJC_WEAK = YES;
				CLANG_WARN_BLOCK_CAPTURE_AUTORELEASING = YES;
				CLANG_WARN_BOOL_CONVERSION = YES;
				CLANG_WARN_COMMA = YES;
				CLANG_WARN_CONSTANT_CONVERSION = YES;
				CLANG_WARN_DEPRECATED_OBJC_IMPLEMENTATIONS = YES;
				CLANG_WARN_DIRECT_OBJC_ISA_USAGE = YES_ERROR;
				CLANG_WARN_DOCUMENTATION_COMMENTS = YES;
				CLANG_WARN_EMPTY_BODY = YES;
				CLANG_WARN_ENUM_CONVERSION = YES;
				CLANG_WARN_INFINITE_RECURSION = YES;
				CLANG_WARN_INT_CONVERSION = YES;
				CLANG_WARN_NON_LITERAL_NULL_CONVERSION = YES;
				CLANG_WARN_OBJC_IMPLICIT_RETAIN_SELF = YES;
				CLANG_WARN_OBJC_LITERAL_CONVERSION = YES;
				CLANG_WARN_OBJC_ROOT_CLASS = YES_ERROR;
				CLANG_WARN_QUOTED_INCLUDE_IN_FRAMEWORK_HEADER = YES;
				CLANG_WARN_RANGE_LOOP_ANALYSIS = YES;
				CLANG_WARN_STRICT_PROTOTYPES = YES;
				CLANG_WARN_SUSPICIOUS_MOVE = YES;
				CLANG_WARN_UNGUARDED_AVAILABILITY = YES_AGGRESSIVE;
				CLANG_WARN_UNREACHABLE_CODE = YES;
				CLANG_WARN__DUPLICATE_METHOD_MATCH = YES;
				COPY_PHASE_STRIP = NO;
				DEBUG_INFORMATION_FORMAT = "dwarf-with-dsym";
				ENABLE_NS_ASSERTIONS = NO;
				ENABLE_STRICT_OBJC_MSGSEND = YES;
				GCC_C_LANGUAGE_STANDARD = gnu11;
				GCC_NO_COMMON_BLOCKS = YES;
				GCC_WARN_64_TO_32_BIT_CONVERSION = YES;
				GCC_WARN_ABOUT_RETURN_TYPE = YES_ERROR;
				GCC_WARN_UNDECLARED_SELECTOR = YES;
				GCC_WARN_UNINITIALIZED_AUTOS = YES_AGGRESSIVE;
				GCC_WARN_UNUSED_FUNCTION = YES;
				GCC_WARN_UNUSED_VARIABLE = YES;
				IPHONEOS_DEPLOYMENT_TARGET = 16.0;
				MTL_ENABLE_DEBUG_INFO = NO;
				MTL_FAST_MATH = YES;
				PRODUCT_NAME = Saturn;
				SDKROOT = iphoneos;
				SWIFT_COMPILATION_MODE = wholemodule;
				SWIFT_OPTIMIZATION_LEVEL = "-O";
				VALIDATE_PRODUCT = YES;
			};
			name = Release;
		};
		1A5DBBD6296933BB00D4D86E /* Debug */ = {
			isa = XCBuildConfiguration;
			buildSettings = {
				ASSETCATALOG_COMPILER_APPICON_NAME = AppIcon;
				ASSETCATALOG_COMPILER_GLOBAL_ACCENT_COLOR_NAME = AccentColor;
				CODE_SIGN_STYLE = Automatic;
				CURRENT_PROJECT_VERSION = 1;
				DEVELOPMENT_ASSET_PATHS = "\"Saturn/Preview Content\"";
				DEVELOPMENT_TEAM = P68VLQ6LPN;
				ENABLE_PREVIEWS = YES;
				FRAMEWORK_SEARCH_PATHS = (
					"$(inherited)",
					"$(USER_LIBRARY_DIR)/Application\\ Support/Reveal/RevealServer/iOS",
				);
				GENERATE_INFOPLIST_FILE = YES;
				INFOPLIST_FILE = Saturn/Info.plist;
				INFOPLIST_KEY_CFBundleDisplayName = Saturn;
				INFOPLIST_KEY_UIApplicationSceneManifest_Generation = YES;
				INFOPLIST_KEY_UIApplicationSupportsIndirectInputEvents = YES;
				INFOPLIST_KEY_UILaunchScreen_Generation = YES;
				INFOPLIST_KEY_UISupportedInterfaceOrientations_iPad = "UIInterfaceOrientationPortrait UIInterfaceOrientationPortraitUpsideDown UIInterfaceOrientationLandscapeLeft UIInterfaceOrientationLandscapeRight";
				INFOPLIST_KEY_UISupportedInterfaceOrientations_iPhone = UIInterfaceOrientationPortrait;
				LD_RUNPATH_SEARCH_PATHS = (
					"$(inherited)",
					"@executable_path/Frameworks",
				);
				MARKETING_VERSION = 1.0;
				PRODUCT_BUNDLE_IDENTIFIER = au.jameseunson.Saturn;
				PRODUCT_NAME = Saturn;
				SWIFT_EMIT_LOC_STRINGS = YES;
				SWIFT_VERSION = 5.0;
				TARGETED_DEVICE_FAMILY = "1,2";
			};
			name = Debug;
		};
		1A5DBBD7296933BB00D4D86E /* Release */ = {
			isa = XCBuildConfiguration;
			buildSettings = {
				ASSETCATALOG_COMPILER_APPICON_NAME = AppIcon;
				ASSETCATALOG_COMPILER_GLOBAL_ACCENT_COLOR_NAME = AccentColor;
				CODE_SIGN_STYLE = Automatic;
				CURRENT_PROJECT_VERSION = 1;
				DEVELOPMENT_ASSET_PATHS = "\"Saturn/Preview Content\"";
				DEVELOPMENT_TEAM = P68VLQ6LPN;
				ENABLE_PREVIEWS = YES;
				FRAMEWORK_SEARCH_PATHS = (
					"$(inherited)",
					"$(USER_LIBRARY_DIR)/Application\\ Support/Reveal/RevealServer/iOS",
				);
				GENERATE_INFOPLIST_FILE = YES;
				INFOPLIST_FILE = Saturn/Info.plist;
				INFOPLIST_KEY_CFBundleDisplayName = Saturn;
				INFOPLIST_KEY_UIApplicationSceneManifest_Generation = YES;
				INFOPLIST_KEY_UIApplicationSupportsIndirectInputEvents = YES;
				INFOPLIST_KEY_UILaunchScreen_Generation = YES;
				INFOPLIST_KEY_UISupportedInterfaceOrientations_iPad = "UIInterfaceOrientationPortrait UIInterfaceOrientationPortraitUpsideDown UIInterfaceOrientationLandscapeLeft UIInterfaceOrientationLandscapeRight";
				INFOPLIST_KEY_UISupportedInterfaceOrientations_iPhone = UIInterfaceOrientationPortrait;
				LD_RUNPATH_SEARCH_PATHS = (
					"$(inherited)",
					"@executable_path/Frameworks",
				);
				MARKETING_VERSION = 1.0;
				PRODUCT_BUNDLE_IDENTIFIER = au.jameseunson.Saturn;
				PRODUCT_NAME = Saturn;
				SWIFT_EMIT_LOC_STRINGS = YES;
				SWIFT_VERSION = 5.0;
				TARGETED_DEVICE_FAMILY = "1,2";
			};
			name = Release;
		};
		1A5DBBD9296933BB00D4D86E /* Debug */ = {
			isa = XCBuildConfiguration;
			buildSettings = {
				ALWAYS_EMBED_SWIFT_STANDARD_LIBRARIES = YES;
				BUNDLE_LOADER = "$(TEST_HOST)";
				CODE_SIGN_STYLE = Automatic;
				CURRENT_PROJECT_VERSION = 1;
				DEVELOPMENT_TEAM = P68VLQ6LPN;
				GENERATE_INFOPLIST_FILE = YES;
				IPHONEOS_DEPLOYMENT_TARGET = 16.0;
				MARKETING_VERSION = 1.0;
				PRODUCT_BUNDLE_IDENTIFIER = "jeon.SimpleHN-SwiftUITests";
				PRODUCT_NAME = "$(TARGET_NAME)";
				SWIFT_EMIT_LOC_STRINGS = NO;
				SWIFT_VERSION = 5.0;
				TARGETED_DEVICE_FAMILY = "1,2";
				TEST_HOST = "$(BUILT_PRODUCTS_DIR)/Saturn.app/$(BUNDLE_EXECUTABLE_FOLDER_PATH)/Saturn";
			};
			name = Debug;
		};
		1A5DBBDA296933BB00D4D86E /* Release */ = {
			isa = XCBuildConfiguration;
			buildSettings = {
				ALWAYS_EMBED_SWIFT_STANDARD_LIBRARIES = YES;
				BUNDLE_LOADER = "$(TEST_HOST)";
				CODE_SIGN_STYLE = Automatic;
				CURRENT_PROJECT_VERSION = 1;
				DEVELOPMENT_TEAM = P68VLQ6LPN;
				GENERATE_INFOPLIST_FILE = YES;
				IPHONEOS_DEPLOYMENT_TARGET = 16.0;
				MARKETING_VERSION = 1.0;
				PRODUCT_BUNDLE_IDENTIFIER = "jeon.SimpleHN-SwiftUITests";
				PRODUCT_NAME = "$(TARGET_NAME)";
				SWIFT_EMIT_LOC_STRINGS = NO;
				SWIFT_VERSION = 5.0;
				TARGETED_DEVICE_FAMILY = "1,2";
				TEST_HOST = "$(BUILT_PRODUCTS_DIR)/Saturn.app/$(BUNDLE_EXECUTABLE_FOLDER_PATH)/Saturn";
			};
			name = Release;
		};
		1A5DBBDC296933BB00D4D86E /* Debug */ = {
			isa = XCBuildConfiguration;
			buildSettings = {
				ALWAYS_EMBED_SWIFT_STANDARD_LIBRARIES = YES;
				CODE_SIGN_STYLE = Automatic;
				CURRENT_PROJECT_VERSION = 1;
				DEVELOPMENT_TEAM = P68VLQ6LPN;
				GENERATE_INFOPLIST_FILE = YES;
				MARKETING_VERSION = 1.0;
				PRODUCT_BUNDLE_IDENTIFIER = "jeon.SimpleHN-SwiftUIUITests";
				PRODUCT_NAME = "$(TARGET_NAME)";
				SWIFT_EMIT_LOC_STRINGS = NO;
				SWIFT_VERSION = 5.0;
				TARGETED_DEVICE_FAMILY = "1,2";
				TEST_TARGET_NAME = "SimpleHN-SwiftUI";
			};
			name = Debug;
		};
		1A5DBBDD296933BB00D4D86E /* Release */ = {
			isa = XCBuildConfiguration;
			buildSettings = {
				ALWAYS_EMBED_SWIFT_STANDARD_LIBRARIES = YES;
				CODE_SIGN_STYLE = Automatic;
				CURRENT_PROJECT_VERSION = 1;
				DEVELOPMENT_TEAM = P68VLQ6LPN;
				GENERATE_INFOPLIST_FILE = YES;
				MARKETING_VERSION = 1.0;
				PRODUCT_BUNDLE_IDENTIFIER = "jeon.SimpleHN-SwiftUIUITests";
				PRODUCT_NAME = "$(TARGET_NAME)";
				SWIFT_EMIT_LOC_STRINGS = NO;
				SWIFT_VERSION = 5.0;
				TARGETED_DEVICE_FAMILY = "1,2";
				TEST_TARGET_NAME = "SimpleHN-SwiftUI";
			};
			name = Release;
		};
/* End XCBuildConfiguration section */

/* Begin XCConfigurationList section */
		1A5DBBAC296933BA00D4D86E /* Build configuration list for PBXProject "Saturn" */ = {
			isa = XCConfigurationList;
			buildConfigurations = (
				1A5DBBD3296933BB00D4D86E /* Debug */,
				1A5DBBD4296933BB00D4D86E /* Release */,
			);
			defaultConfigurationIsVisible = 0;
			defaultConfigurationName = Release;
		};
		1A5DBBD5296933BB00D4D86E /* Build configuration list for PBXNativeTarget "Saturn" */ = {
			isa = XCConfigurationList;
			buildConfigurations = (
				1A5DBBD6296933BB00D4D86E /* Debug */,
				1A5DBBD7296933BB00D4D86E /* Release */,
			);
			defaultConfigurationIsVisible = 0;
			defaultConfigurationName = Release;
		};
		1A5DBBD8296933BB00D4D86E /* Build configuration list for PBXNativeTarget "SaturnTests" */ = {
			isa = XCConfigurationList;
			buildConfigurations = (
				1A5DBBD9296933BB00D4D86E /* Debug */,
				1A5DBBDA296933BB00D4D86E /* Release */,
			);
			defaultConfigurationIsVisible = 0;
			defaultConfigurationName = Release;
		};
		1A5DBBDB296933BB00D4D86E /* Build configuration list for PBXNativeTarget "SaturnUITests" */ = {
			isa = XCConfigurationList;
			buildConfigurations = (
				1A5DBBDC296933BB00D4D86E /* Debug */,
				1A5DBBDD296933BB00D4D86E /* Release */,
			);
			defaultConfigurationIsVisible = 0;
			defaultConfigurationName = Release;
		};
/* End XCConfigurationList section */

/* Begin XCRemoteSwiftPackageReference section */
		1A3911D3297E62980045D14F /* XCRemoteSwiftPackageReference "SwiftyMarkdown" */ = {
			isa = XCRemoteSwiftPackageReference;
			repositoryURL = "https://github.com/SimonFairbairn/SwiftyMarkdown";
			requirement = {
				kind = upToNextMajorVersion;
				minimumVersion = 1.0.0;
			};
		};
		1AE4A9B12977D92900D0B0D3 /* XCRemoteSwiftPackageReference "firebase-ios-sdk" */ = {
			isa = XCRemoteSwiftPackageReference;
			repositoryURL = "https://github.com/firebase/firebase-ios-sdk";
			requirement = {
				branch = master;
				kind = branch;
			};
		};
/* End XCRemoteSwiftPackageReference section */

/* Begin XCSwiftPackageProductDependency section */
		1A3911D4297E62980045D14F /* SwiftyMarkdown */ = {
			isa = XCSwiftPackageProductDependency;
			package = 1A3911D3297E62980045D14F /* XCRemoteSwiftPackageReference "SwiftyMarkdown" */;
			productName = SwiftyMarkdown;
		};
		1A888FC32993719A00490A74 /* FirebaseAnalytics */ = {
			isa = XCSwiftPackageProductDependency;
			package = 1AE4A9B12977D92900D0B0D3 /* XCRemoteSwiftPackageReference "firebase-ios-sdk" */;
			productName = FirebaseAnalytics;
		};
		1A888FC52993719A00490A74 /* FirebaseAnalyticsOnDeviceConversion */ = {
			isa = XCSwiftPackageProductDependency;
			package = 1AE4A9B12977D92900D0B0D3 /* XCRemoteSwiftPackageReference "firebase-ios-sdk" */;
			productName = FirebaseAnalyticsOnDeviceConversion;
		};
		1A888FC72993719A00490A74 /* FirebaseAnalyticsSwift */ = {
			isa = XCSwiftPackageProductDependency;
			package = 1AE4A9B12977D92900D0B0D3 /* XCRemoteSwiftPackageReference "firebase-ios-sdk" */;
			productName = FirebaseAnalyticsSwift;
		};
		1A888FC92993719A00490A74 /* FirebaseAnalyticsWithoutAdIdSupport */ = {
			isa = XCSwiftPackageProductDependency;
			package = 1AE4A9B12977D92900D0B0D3 /* XCRemoteSwiftPackageReference "firebase-ios-sdk" */;
			productName = FirebaseAnalyticsWithoutAdIdSupport;
		};
		1A888FCB2993719A00490A74 /* FirebaseAppCheck */ = {
			isa = XCSwiftPackageProductDependency;
			package = 1AE4A9B12977D92900D0B0D3 /* XCRemoteSwiftPackageReference "firebase-ios-sdk" */;
			productName = FirebaseAppCheck;
		};
		1A888FCD2993719A00490A74 /* FirebaseAppDistribution-Beta */ = {
			isa = XCSwiftPackageProductDependency;
			package = 1AE4A9B12977D92900D0B0D3 /* XCRemoteSwiftPackageReference "firebase-ios-sdk" */;
			productName = "FirebaseAppDistribution-Beta";
		};
		1A888FCF2993719A00490A74 /* FirebaseAuth */ = {
			isa = XCSwiftPackageProductDependency;
			package = 1AE4A9B12977D92900D0B0D3 /* XCRemoteSwiftPackageReference "firebase-ios-sdk" */;
			productName = FirebaseAuth;
		};
		1A888FD12993719A00490A74 /* FirebaseAuthCombine-Community */ = {
			isa = XCSwiftPackageProductDependency;
			package = 1AE4A9B12977D92900D0B0D3 /* XCRemoteSwiftPackageReference "firebase-ios-sdk" */;
			productName = "FirebaseAuthCombine-Community";
		};
		1A888FD32993719A00490A74 /* FirebaseCrashlytics */ = {
			isa = XCSwiftPackageProductDependency;
			package = 1AE4A9B12977D92900D0B0D3 /* XCRemoteSwiftPackageReference "firebase-ios-sdk" */;
			productName = FirebaseCrashlytics;
		};
		1A888FD52993719A00490A74 /* FirebaseDatabase */ = {
			isa = XCSwiftPackageProductDependency;
			package = 1AE4A9B12977D92900D0B0D3 /* XCRemoteSwiftPackageReference "firebase-ios-sdk" */;
			productName = FirebaseDatabase;
		};
		1A888FD72993719A00490A74 /* FirebaseDatabaseSwift */ = {
			isa = XCSwiftPackageProductDependency;
			package = 1AE4A9B12977D92900D0B0D3 /* XCRemoteSwiftPackageReference "firebase-ios-sdk" */;
			productName = FirebaseDatabaseSwift;
		};
		1A888FD92993719A00490A74 /* FirebaseDynamicLinks */ = {
			isa = XCSwiftPackageProductDependency;
			package = 1AE4A9B12977D92900D0B0D3 /* XCRemoteSwiftPackageReference "firebase-ios-sdk" */;
			productName = FirebaseDynamicLinks;
		};
		1A888FDB2993719A00490A74 /* FirebaseFirestore */ = {
			isa = XCSwiftPackageProductDependency;
			package = 1AE4A9B12977D92900D0B0D3 /* XCRemoteSwiftPackageReference "firebase-ios-sdk" */;
			productName = FirebaseFirestore;
		};
		1A888FDD2993719A00490A74 /* FirebaseFirestoreCombine-Community */ = {
			isa = XCSwiftPackageProductDependency;
			package = 1AE4A9B12977D92900D0B0D3 /* XCRemoteSwiftPackageReference "firebase-ios-sdk" */;
			productName = "FirebaseFirestoreCombine-Community";
		};
		1A888FDF2993719A00490A74 /* FirebaseFirestoreSwift */ = {
			isa = XCSwiftPackageProductDependency;
			package = 1AE4A9B12977D92900D0B0D3 /* XCRemoteSwiftPackageReference "firebase-ios-sdk" */;
			productName = FirebaseFirestoreSwift;
		};
		1A888FE12993719A00490A74 /* FirebaseFunctions */ = {
			isa = XCSwiftPackageProductDependency;
			package = 1AE4A9B12977D92900D0B0D3 /* XCRemoteSwiftPackageReference "firebase-ios-sdk" */;
			productName = FirebaseFunctions;
		};
		1A888FE32993719A00490A74 /* FirebaseFunctionsCombine-Community */ = {
			isa = XCSwiftPackageProductDependency;
			package = 1AE4A9B12977D92900D0B0D3 /* XCRemoteSwiftPackageReference "firebase-ios-sdk" */;
			productName = "FirebaseFunctionsCombine-Community";
		};
		1A888FE52993719A00490A74 /* FirebaseInAppMessaging-Beta */ = {
			isa = XCSwiftPackageProductDependency;
			package = 1AE4A9B12977D92900D0B0D3 /* XCRemoteSwiftPackageReference "firebase-ios-sdk" */;
			productName = "FirebaseInAppMessaging-Beta";
		};
		1A888FE72993719A00490A74 /* FirebaseInAppMessagingSwift-Beta */ = {
			isa = XCSwiftPackageProductDependency;
			package = 1AE4A9B12977D92900D0B0D3 /* XCRemoteSwiftPackageReference "firebase-ios-sdk" */;
			productName = "FirebaseInAppMessagingSwift-Beta";
		};
		1A888FE92993719A00490A74 /* FirebaseInstallations */ = {
			isa = XCSwiftPackageProductDependency;
			package = 1AE4A9B12977D92900D0B0D3 /* XCRemoteSwiftPackageReference "firebase-ios-sdk" */;
			productName = FirebaseInstallations;
		};
		1A888FEB2993719A00490A74 /* FirebaseMessaging */ = {
			isa = XCSwiftPackageProductDependency;
			package = 1AE4A9B12977D92900D0B0D3 /* XCRemoteSwiftPackageReference "firebase-ios-sdk" */;
			productName = FirebaseMessaging;
		};
		1A888FED2993719A00490A74 /* FirebaseMLModelDownloader */ = {
			isa = XCSwiftPackageProductDependency;
			package = 1AE4A9B12977D92900D0B0D3 /* XCRemoteSwiftPackageReference "firebase-ios-sdk" */;
			productName = FirebaseMLModelDownloader;
		};
		1A888FEF2993719A00490A74 /* FirebasePerformance */ = {
			isa = XCSwiftPackageProductDependency;
			package = 1AE4A9B12977D92900D0B0D3 /* XCRemoteSwiftPackageReference "firebase-ios-sdk" */;
			productName = FirebasePerformance;
		};
		1A888FF12993719A00490A74 /* FirebaseRemoteConfig */ = {
			isa = XCSwiftPackageProductDependency;
			package = 1AE4A9B12977D92900D0B0D3 /* XCRemoteSwiftPackageReference "firebase-ios-sdk" */;
			productName = FirebaseRemoteConfig;
		};
		1A888FF32993719A00490A74 /* FirebaseRemoteConfigSwift */ = {
			isa = XCSwiftPackageProductDependency;
			package = 1AE4A9B12977D92900D0B0D3 /* XCRemoteSwiftPackageReference "firebase-ios-sdk" */;
			productName = FirebaseRemoteConfigSwift;
		};
		1A888FF52993719A00490A74 /* FirebaseStorage */ = {
			isa = XCSwiftPackageProductDependency;
			package = 1AE4A9B12977D92900D0B0D3 /* XCRemoteSwiftPackageReference "firebase-ios-sdk" */;
			productName = FirebaseStorage;
		};
		1A888FF72993719A00490A74 /* FirebaseStorageCombine-Community */ = {
			isa = XCSwiftPackageProductDependency;
			package = 1AE4A9B12977D92900D0B0D3 /* XCRemoteSwiftPackageReference "firebase-ios-sdk" */;
			productName = "FirebaseStorageCombine-Community";
		};
		1A888FF92993719A00490A74 /* SwiftyMarkdown */ = {
			isa = XCSwiftPackageProductDependency;
			package = 1A3911D3297E62980045D14F /* XCRemoteSwiftPackageReference "SwiftyMarkdown" */;
			productName = SwiftyMarkdown;
		};
		1AE4A9B22977D92900D0B0D3 /* FirebaseAnalyticsSwift */ = {
			isa = XCSwiftPackageProductDependency;
			package = 1AE4A9B12977D92900D0B0D3 /* XCRemoteSwiftPackageReference "firebase-ios-sdk" */;
			productName = FirebaseAnalyticsSwift;
		};
		1AE4A9B42977D92900D0B0D3 /* FirebaseAnalyticsWithoutAdIdSupport */ = {
			isa = XCSwiftPackageProductDependency;
			package = 1AE4A9B12977D92900D0B0D3 /* XCRemoteSwiftPackageReference "firebase-ios-sdk" */;
			productName = FirebaseAnalyticsWithoutAdIdSupport;
		};
		1AE4A9B62977D92900D0B0D3 /* FirebaseCrashlytics */ = {
			isa = XCSwiftPackageProductDependency;
			package = 1AE4A9B12977D92900D0B0D3 /* XCRemoteSwiftPackageReference "firebase-ios-sdk" */;
			productName = FirebaseCrashlytics;
		};
		1AE4A9B82977D92900D0B0D3 /* FirebaseDatabase */ = {
			isa = XCSwiftPackageProductDependency;
			package = 1AE4A9B12977D92900D0B0D3 /* XCRemoteSwiftPackageReference "firebase-ios-sdk" */;
			productName = FirebaseDatabase;
		};
		1AE4A9BA2977D92900D0B0D3 /* FirebaseDatabaseSwift */ = {
			isa = XCSwiftPackageProductDependency;
			package = 1AE4A9B12977D92900D0B0D3 /* XCRemoteSwiftPackageReference "firebase-ios-sdk" */;
			productName = FirebaseDatabaseSwift;
		};
		1AE4A9BC2977D92900D0B0D3 /* FirebaseFirestore */ = {
			isa = XCSwiftPackageProductDependency;
			package = 1AE4A9B12977D92900D0B0D3 /* XCRemoteSwiftPackageReference "firebase-ios-sdk" */;
			productName = FirebaseFirestore;
		};
		1AE4A9BE2977D92900D0B0D3 /* FirebaseFirestoreCombine-Community */ = {
			isa = XCSwiftPackageProductDependency;
			package = 1AE4A9B12977D92900D0B0D3 /* XCRemoteSwiftPackageReference "firebase-ios-sdk" */;
			productName = "FirebaseFirestoreCombine-Community";
		};
		1AE4A9C02977D92900D0B0D3 /* FirebaseFirestoreSwift */ = {
			isa = XCSwiftPackageProductDependency;
			package = 1AE4A9B12977D92900D0B0D3 /* XCRemoteSwiftPackageReference "firebase-ios-sdk" */;
			productName = FirebaseFirestoreSwift;
		};
		1AE4A9C22977D92900D0B0D3 /* FirebaseRemoteConfig */ = {
			isa = XCSwiftPackageProductDependency;
			package = 1AE4A9B12977D92900D0B0D3 /* XCRemoteSwiftPackageReference "firebase-ios-sdk" */;
			productName = FirebaseRemoteConfig;
		};
		1AE4A9C42977D92900D0B0D3 /* FirebaseRemoteConfigSwift */ = {
			isa = XCSwiftPackageProductDependency;
			package = 1AE4A9B12977D92900D0B0D3 /* XCRemoteSwiftPackageReference "firebase-ios-sdk" */;
			productName = FirebaseRemoteConfigSwift;
		};
/* End XCSwiftPackageProductDependency section */
	};
	rootObject = 1A5DBBA9296933BA00D4D86E /* Project object */;
}
